{
  "name": "digitraffic-cdk-model",
  "version": "1.0.0",
  "lockfileVersion": 1,
  "requires": true,
  "dependencies": {
    "@aws-cdk/assets": {
      "version": "1.77.0",
      "resolved": "https://registry.npmjs.org/@aws-cdk/assets/-/assets-1.77.0.tgz",
      "integrity": "sha512-fZLiAENEzpwYue7h2MkByr74F7QhuKMN+jLsO3Ak9mjUZFOAksCWDUnkNotfKU43G8wjpAnXlGgpXysyr6TkMQ==",
      "requires": {
        "@aws-cdk/core": "1.77.0",
        "@aws-cdk/cx-api": "1.77.0",
        "constructs": "^3.2.0"
      }
    },
    "@aws-cdk/aws-apigateway": {
      "version": "1.77.0",
      "resolved": "https://registry.npmjs.org/@aws-cdk/aws-apigateway/-/aws-apigateway-1.77.0.tgz",
      "integrity": "sha512-vqVJWu86vSWj9fQ8H8Dg5WsXYhz9QO1tivAgUTMdEaZEKQHuJ0B13MZXl62cRzdkaxm4z9S0dE3FLrgfwIgWEA==",
      "requires": {
        "@aws-cdk/assets": "1.77.0",
        "@aws-cdk/aws-certificatemanager": "1.77.0",
        "@aws-cdk/aws-cloudwatch": "1.77.0",
        "@aws-cdk/aws-ec2": "1.77.0",
        "@aws-cdk/aws-elasticloadbalancingv2": "1.77.0",
        "@aws-cdk/aws-iam": "1.77.0",
        "@aws-cdk/aws-lambda": "1.77.0",
        "@aws-cdk/aws-logs": "1.77.0",
        "@aws-cdk/aws-s3": "1.77.0",
        "@aws-cdk/aws-s3-assets": "1.77.0",
        "@aws-cdk/core": "1.77.0",
        "@aws-cdk/cx-api": "1.77.0",
        "constructs": "^3.2.0"
      }
    },
    "@aws-cdk/aws-applicationautoscaling": {
      "version": "1.77.0",
      "resolved": "https://registry.npmjs.org/@aws-cdk/aws-applicationautoscaling/-/aws-applicationautoscaling-1.77.0.tgz",
      "integrity": "sha512-+jr1igx+0+yV09jcCmDG2FHQ4FnW1livepuxxTcBpri3RtzYmg3yuk0fHlEGxmaL+Eg8P1nBEp8g2rPWCHS2wQ==",
      "requires": {
        "@aws-cdk/aws-autoscaling-common": "1.77.0",
        "@aws-cdk/aws-cloudwatch": "1.77.0",
        "@aws-cdk/aws-iam": "1.77.0",
        "@aws-cdk/core": "1.77.0",
        "constructs": "^3.2.0"
      }
    },
    "@aws-cdk/aws-autoscaling-common": {
      "version": "1.77.0",
      "resolved": "https://registry.npmjs.org/@aws-cdk/aws-autoscaling-common/-/aws-autoscaling-common-1.77.0.tgz",
      "integrity": "sha512-uxWFjKkEJQed6Os+VQ+/mv5l+7n5vqYl0be5fHsrExyYlriQ++GMS5plRt/IiQqcnmavZj4MX7wg4UYYZ3FT1A==",
      "requires": {
        "@aws-cdk/aws-iam": "1.77.0",
        "@aws-cdk/core": "1.77.0",
        "constructs": "^3.2.0"
      }
    },
    "@aws-cdk/aws-certificatemanager": {
      "version": "1.77.0",
      "resolved": "https://registry.npmjs.org/@aws-cdk/aws-certificatemanager/-/aws-certificatemanager-1.77.0.tgz",
      "integrity": "sha512-VnxWY7awwL0U2oIz1QUqnIruwVzeZPKPsnl+kiFK04Emte7z155tesEzv4DdDSh6fghIiPjTiB4utcMWTw1knA==",
      "requires": {
        "@aws-cdk/aws-iam": "1.77.0",
        "@aws-cdk/aws-lambda": "1.77.0",
        "@aws-cdk/aws-route53": "1.77.0",
        "@aws-cdk/core": "1.77.0",
        "constructs": "^3.2.0"
      }
    },
    "@aws-cdk/aws-cloudwatch": {
      "version": "1.77.0",
      "resolved": "https://registry.npmjs.org/@aws-cdk/aws-cloudwatch/-/aws-cloudwatch-1.77.0.tgz",
      "integrity": "sha512-kq/MgeFl/FAt6nHJ5qSnfkc3P8mYenJTYHoC3AH2cnRFyNI4O9TX7EtFY2bUDWHJq5w65U1anuPyNytfs9TRvg==",
      "requires": {
        "@aws-cdk/aws-iam": "1.77.0",
        "@aws-cdk/core": "1.77.0",
        "constructs": "^3.2.0"
      }
    },
    "@aws-cdk/aws-codeguruprofiler": {
      "version": "1.77.0",
      "resolved": "https://registry.npmjs.org/@aws-cdk/aws-codeguruprofiler/-/aws-codeguruprofiler-1.77.0.tgz",
      "integrity": "sha512-PZe8YKzQe1FszQZ6x0ArBd7mBUcgke9pHP5nNEug9Qba5ow2DRb9O5bcjxOqGW8maG7yQx2lQouAOCkhptJKyQ==",
      "requires": {
        "@aws-cdk/aws-iam": "1.77.0",
        "@aws-cdk/core": "1.77.0",
        "constructs": "^3.2.0"
      }
    },
    "@aws-cdk/aws-ec2": {
      "version": "1.77.0",
      "resolved": "https://registry.npmjs.org/@aws-cdk/aws-ec2/-/aws-ec2-1.77.0.tgz",
      "integrity": "sha512-Q5yYJ6tS5glnL3m8BM5Nzk7TrCztEHnSQB+uKtEsT2N4at8cypSZ0D2IozBH0BIaFPJ14TqRnEcHDRDf/88wXQ==",
      "requires": {
        "@aws-cdk/aws-cloudwatch": "1.77.0",
        "@aws-cdk/aws-iam": "1.77.0",
        "@aws-cdk/aws-kms": "1.77.0",
        "@aws-cdk/aws-logs": "1.77.0",
        "@aws-cdk/aws-s3": "1.77.0",
        "@aws-cdk/aws-s3-assets": "1.77.0",
        "@aws-cdk/aws-ssm": "1.77.0",
        "@aws-cdk/cloud-assembly-schema": "1.77.0",
        "@aws-cdk/core": "1.77.0",
        "@aws-cdk/cx-api": "1.77.0",
        "@aws-cdk/region-info": "1.77.0",
        "constructs": "^3.2.0"
      }
    },
    "@aws-cdk/aws-ecr": {
      "version": "1.77.0",
      "resolved": "https://registry.npmjs.org/@aws-cdk/aws-ecr/-/aws-ecr-1.77.0.tgz",
      "integrity": "sha512-v419qaWnwLOzaCAcd6dxaq0G7+IxtWpVELofLOArvhCHHWvhSk78+NFjMI6HFvzD1yWTfeyAtjdCLEuXm4wPdA==",
      "requires": {
        "@aws-cdk/aws-events": "1.77.0",
        "@aws-cdk/aws-iam": "1.77.0",
        "@aws-cdk/core": "1.77.0",
        "constructs": "^3.2.0"
      }
    },
    "@aws-cdk/aws-ecr-assets": {
      "version": "1.77.0",
      "resolved": "https://registry.npmjs.org/@aws-cdk/aws-ecr-assets/-/aws-ecr-assets-1.77.0.tgz",
      "integrity": "sha512-bQZPL0b4GLFbJBo+w4J5RvdmzrGLOM2MsV8tj6ftMQTC9CEYNET/2H621/MvMmrTpVgnlAN+L8uz0ixwd9z0AQ==",
      "requires": {
        "@aws-cdk/assets": "1.77.0",
        "@aws-cdk/aws-ecr": "1.77.0",
        "@aws-cdk/aws-iam": "1.77.0",
        "@aws-cdk/aws-s3": "1.77.0",
        "@aws-cdk/core": "1.77.0",
        "@aws-cdk/cx-api": "1.77.0",
        "constructs": "^3.2.0",
        "minimatch": "^3.0.4"
      },
      "dependencies": {
        "balanced-match": {
          "version": "1.0.0",
          "bundled": true
        },
        "brace-expansion": {
          "version": "1.1.11",
          "bundled": true,
          "requires": {
            "balanced-match": "^1.0.0",
            "concat-map": "0.0.1"
          }
        },
        "concat-map": {
          "version": "0.0.1",
          "bundled": true
        },
        "minimatch": {
          "version": "3.0.4",
          "bundled": true,
          "requires": {
            "brace-expansion": "^1.1.7"
          }
        }
      }
    },
    "@aws-cdk/aws-efs": {
      "version": "1.77.0",
      "resolved": "https://registry.npmjs.org/@aws-cdk/aws-efs/-/aws-efs-1.77.0.tgz",
      "integrity": "sha512-Vc4djKWv/nbBkscGz2BIByeFqhNU2f+sJFKj92YiR9N7sqBAItXN2IpgsmfbNO4nxALM2hfcso5SeG0PDfpjwQ==",
      "requires": {
        "@aws-cdk/aws-ec2": "1.77.0",
        "@aws-cdk/aws-kms": "1.77.0",
        "@aws-cdk/cloud-assembly-schema": "1.77.0",
        "@aws-cdk/core": "1.77.0",
        "@aws-cdk/cx-api": "1.77.0",
        "constructs": "^3.2.0"
      }
    },
    "@aws-cdk/aws-elasticloadbalancingv2": {
      "version": "1.77.0",
      "resolved": "https://registry.npmjs.org/@aws-cdk/aws-elasticloadbalancingv2/-/aws-elasticloadbalancingv2-1.77.0.tgz",
      "integrity": "sha512-UYnfiB0RasZG8MeiqLYnmkwaI4fDbJ+o2GGesZxkiFcNHXjEF64EnPeZASbxmfPmY8N5qbT68EVhKaIpQrHlvA==",
      "requires": {
        "@aws-cdk/aws-certificatemanager": "1.77.0",
        "@aws-cdk/aws-cloudwatch": "1.77.0",
        "@aws-cdk/aws-ec2": "1.77.0",
        "@aws-cdk/aws-iam": "1.77.0",
        "@aws-cdk/aws-lambda": "1.77.0",
        "@aws-cdk/aws-s3": "1.77.0",
        "@aws-cdk/cloud-assembly-schema": "1.77.0",
        "@aws-cdk/core": "1.77.0",
        "@aws-cdk/cx-api": "1.77.0",
        "@aws-cdk/region-info": "1.77.0",
        "constructs": "^3.2.0"
      }
    },
    "@aws-cdk/aws-events": {
      "version": "1.77.0",
      "resolved": "https://registry.npmjs.org/@aws-cdk/aws-events/-/aws-events-1.77.0.tgz",
      "integrity": "sha512-9Cbyg6Fi/SyZlXu3HA1OtxevPYUZY8wInDUlxW0OpGqqs2i+wWMWjGFqWgBh7hnPcvBh6IjOLa3clDfEoqvBhA==",
      "requires": {
        "@aws-cdk/aws-iam": "1.77.0",
        "@aws-cdk/core": "1.77.0",
        "constructs": "^3.2.0"
      }
    },
    "@aws-cdk/aws-iam": {
      "version": "1.77.0",
      "resolved": "https://registry.npmjs.org/@aws-cdk/aws-iam/-/aws-iam-1.77.0.tgz",
      "integrity": "sha512-Dn4AeHhbfA5gVpx4KeoJzWxOFMRyengC6oraUDzPmwiJTPp+oJRIdtfOVhMzJ0gKJIz2im9limz/NnM2vIWJjw==",
      "requires": {
        "@aws-cdk/core": "1.77.0",
        "@aws-cdk/region-info": "1.77.0",
        "constructs": "^3.2.0"
      }
    },
    "@aws-cdk/aws-kms": {
      "version": "1.77.0",
      "resolved": "https://registry.npmjs.org/@aws-cdk/aws-kms/-/aws-kms-1.77.0.tgz",
      "integrity": "sha512-9cwvF67p649enbTVp6xYI4FViVrfXCCBd2ssQi+Yjjep9ZrHVo2q//18z1XYBQVIz5QGu632zNxrLOR5t2oBvA==",
      "requires": {
        "@aws-cdk/aws-iam": "1.77.0",
        "@aws-cdk/core": "1.77.0",
        "constructs": "^3.2.0"
      }
    },
    "@aws-cdk/aws-lambda": {
      "version": "1.77.0",
      "resolved": "https://registry.npmjs.org/@aws-cdk/aws-lambda/-/aws-lambda-1.77.0.tgz",
      "integrity": "sha512-qf32Ha11LRCE/mc1EOwxpNuV6m09PX6/CEnBy/FyLe1ngYg+b4cn2gSalhdoZhDUuxAa9pkFPlIAq2yF3HNRUw==",
      "requires": {
        "@aws-cdk/aws-applicationautoscaling": "1.77.0",
        "@aws-cdk/aws-cloudwatch": "1.77.0",
        "@aws-cdk/aws-codeguruprofiler": "1.77.0",
        "@aws-cdk/aws-ec2": "1.77.0",
        "@aws-cdk/aws-ecr": "1.77.0",
        "@aws-cdk/aws-ecr-assets": "1.77.0",
        "@aws-cdk/aws-efs": "1.77.0",
        "@aws-cdk/aws-events": "1.77.0",
        "@aws-cdk/aws-iam": "1.77.0",
        "@aws-cdk/aws-logs": "1.77.0",
        "@aws-cdk/aws-s3": "1.77.0",
        "@aws-cdk/aws-s3-assets": "1.77.0",
        "@aws-cdk/aws-sqs": "1.77.0",
        "@aws-cdk/core": "1.77.0",
        "@aws-cdk/cx-api": "1.77.0",
        "constructs": "^3.2.0"
      }
    },
    "@aws-cdk/aws-logs": {
      "version": "1.77.0",
      "resolved": "https://registry.npmjs.org/@aws-cdk/aws-logs/-/aws-logs-1.77.0.tgz",
      "integrity": "sha512-irUpv+MUqSgDje4IXvtggT6DK2z8wwklFf2LQ8RpWH6F4rHWGZFn6zzLJPLO+LPbX2KvtITSZTtjpx4RCj4K9g==",
      "requires": {
        "@aws-cdk/aws-cloudwatch": "1.77.0",
        "@aws-cdk/aws-iam": "1.77.0",
        "@aws-cdk/aws-kms": "1.77.0",
        "@aws-cdk/aws-s3-assets": "1.77.0",
        "@aws-cdk/core": "1.77.0",
        "constructs": "^3.2.0"
      }
    },
    "@aws-cdk/aws-route53": {
      "version": "1.77.0",
      "resolved": "https://registry.npmjs.org/@aws-cdk/aws-route53/-/aws-route53-1.77.0.tgz",
      "integrity": "sha512-pwynfxfXffV1+8QYNoBAkd6nov8crWTkpNB7jkTnFmGsoPSpKzwh/T/ZFOFIOHoJUzWmiByyPYdVJWnIw+qwMg==",
      "requires": {
        "@aws-cdk/aws-ec2": "1.77.0",
        "@aws-cdk/aws-logs": "1.77.0",
        "@aws-cdk/cloud-assembly-schema": "1.77.0",
        "@aws-cdk/core": "1.77.0",
        "constructs": "^3.2.0"
      }
    },
    "@aws-cdk/aws-s3": {
      "version": "1.77.0",
      "resolved": "https://registry.npmjs.org/@aws-cdk/aws-s3/-/aws-s3-1.77.0.tgz",
      "integrity": "sha512-lwRF1oqlDYraf5T+ywKW4bzlHR//+W8tCKxyWdWBMnnQPftzJmVHKsHfUQQtWURpXV0QJumf0vyNcz9aPwc33g==",
      "requires": {
        "@aws-cdk/aws-events": "1.77.0",
        "@aws-cdk/aws-iam": "1.77.0",
        "@aws-cdk/aws-kms": "1.77.0",
        "@aws-cdk/core": "1.77.0",
        "constructs": "^3.2.0"
      }
    },
    "@aws-cdk/aws-s3-assets": {
      "version": "1.77.0",
      "resolved": "https://registry.npmjs.org/@aws-cdk/aws-s3-assets/-/aws-s3-assets-1.77.0.tgz",
      "integrity": "sha512-kK4i/48tAY3Ma0mjr323zrkNePSOn8/3k4xr3JCM5Xg5ritFONTXDGjuDuPaGSq7OpkQ3mSytgcAvapX34Q5RA==",
      "requires": {
        "@aws-cdk/assets": "1.77.0",
        "@aws-cdk/aws-iam": "1.77.0",
        "@aws-cdk/aws-kms": "1.77.0",
        "@aws-cdk/aws-s3": "1.77.0",
        "@aws-cdk/core": "1.77.0",
        "@aws-cdk/cx-api": "1.77.0",
        "constructs": "^3.2.0"
      }
    },
    "@aws-cdk/aws-sqs": {
      "version": "1.77.0",
      "resolved": "https://registry.npmjs.org/@aws-cdk/aws-sqs/-/aws-sqs-1.77.0.tgz",
      "integrity": "sha512-fw7wp8vJvuzxWDOU1vzq5QdN8sgn1tjgF4FonPZStu8OqPipVwurj+vDScFPuKY0wbhUqRCsQc181/an+qXlBQ==",
      "requires": {
        "@aws-cdk/aws-cloudwatch": "1.77.0",
        "@aws-cdk/aws-iam": "1.77.0",
        "@aws-cdk/aws-kms": "1.77.0",
        "@aws-cdk/core": "1.77.0",
        "constructs": "^3.2.0"
      }
    },
    "@aws-cdk/aws-ssm": {
      "version": "1.77.0",
      "resolved": "https://registry.npmjs.org/@aws-cdk/aws-ssm/-/aws-ssm-1.77.0.tgz",
      "integrity": "sha512-ENP2uoQprhVJGOa4qjh/f/L8wE83Fv+4Y13N1G8yYI2gNK1P/ZN5xC13MHolZVUobL2yxDU5P8dpVpmRyiS9nw==",
      "requires": {
        "@aws-cdk/aws-iam": "1.77.0",
        "@aws-cdk/aws-kms": "1.77.0",
        "@aws-cdk/cloud-assembly-schema": "1.77.0",
        "@aws-cdk/core": "1.77.0",
        "constructs": "^3.2.0"
      }
    },
    "@aws-cdk/cloud-assembly-schema": {
      "version": "1.77.0",
      "resolved": "https://registry.npmjs.org/@aws-cdk/cloud-assembly-schema/-/cloud-assembly-schema-1.77.0.tgz",
      "integrity": "sha512-Kf3rf+XysVYPlEbxKxY61F77OyG3/s4ijwyUkNwFJh8dvN1JJ9U+wir0tdMrOYIf4oPC99wEoDK3aPkTqQ6HdQ==",
      "requires": {
        "jsonschema": "^1.4.0",
        "semver": "^7.3.2"
      },
      "dependencies": {
        "jsonschema": {
          "version": "1.4.0",
          "bundled": true
        },
        "semver": {
          "version": "7.3.2",
          "bundled": true
        }
      }
    },
    "@aws-cdk/core": {
      "version": "1.77.0",
      "resolved": "https://registry.npmjs.org/@aws-cdk/core/-/core-1.77.0.tgz",
      "integrity": "sha512-kMDXIOhWyYHskrmhWBOXqoNpCfB1tx/+MGOYpSeT5YLG6/ekcRv1Y9wgY4sLvGkiiOp9qMXEfwJ0sDIjtvqy3Q==",
      "requires": {
        "@aws-cdk/cloud-assembly-schema": "1.77.0",
        "@aws-cdk/cx-api": "1.77.0",
        "@aws-cdk/region-info": "1.77.0",
        "@balena/dockerignore": "^1.0.2",
        "constructs": "^3.2.0",
        "fs-extra": "^9.0.1",
        "ignore": "^5.1.8",
        "minimatch": "^3.0.4"
      },
      "dependencies": {
        "@balena/dockerignore": {
          "version": "1.0.2",
          "bundled": true
        },
        "at-least-node": {
          "version": "1.0.0",
          "bundled": true
        },
        "balanced-match": {
          "version": "1.0.0",
          "bundled": true
        },
        "brace-expansion": {
          "version": "1.1.11",
          "bundled": true,
          "requires": {
            "balanced-match": "^1.0.0",
            "concat-map": "0.0.1"
          }
        },
        "concat-map": {
          "version": "0.0.1",
          "bundled": true
        },
        "fs-extra": {
          "version": "9.0.1",
          "bundled": true,
          "requires": {
            "at-least-node": "^1.0.0",
            "graceful-fs": "^4.2.0",
            "jsonfile": "^6.0.1",
            "universalify": "^1.0.0"
          }
        },
        "graceful-fs": {
          "version": "4.2.4",
          "bundled": true
        },
        "ignore": {
          "version": "5.1.8",
          "bundled": true
        },
        "jsonfile": {
          "version": "6.1.0",
          "bundled": true,
          "requires": {
            "graceful-fs": "^4.1.6",
            "universalify": "^2.0.0"
          },
          "dependencies": {
            "universalify": {
              "version": "2.0.0",
              "bundled": true
            }
          }
        },
        "minimatch": {
          "version": "3.0.4",
          "bundled": true,
          "requires": {
            "brace-expansion": "^1.1.7"
          }
        },
        "universalify": {
          "version": "1.0.0",
          "bundled": true
        }
      }
    },
    "@aws-cdk/cx-api": {
      "version": "1.77.0",
      "resolved": "https://registry.npmjs.org/@aws-cdk/cx-api/-/cx-api-1.77.0.tgz",
      "integrity": "sha512-ZmXUIFzMn+oeWhKoojrfS8JDkUQru/rOySjoEffZ0Ww1s2pu7ra08kqvbC9gsYM32KK15nEDGUuOraE2z5AVyw==",
      "requires": {
        "@aws-cdk/cloud-assembly-schema": "1.77.0",
        "semver": "^7.3.2"
      },
      "dependencies": {
        "semver": {
          "version": "7.3.2",
          "bundled": true
        }
      }
    },
    "@aws-cdk/region-info": {
      "version": "1.77.0",
      "resolved": "https://registry.npmjs.org/@aws-cdk/region-info/-/region-info-1.77.0.tgz",
      "integrity": "sha512-PInzmaD5brRMfC2tmOYblc+9Ogh/lftW2kKTIzb3nwOJDnr4F0gKz1q48uj6+VtFBFkjYGG43eU3ItWHiI3v0g=="
    },
    "constructs": {
      "version": "3.2.65",
      "resolved": "https://registry.npmjs.org/constructs/-/constructs-3.2.65.tgz",
      "integrity": "sha512-mAgNbt+76iv52j3XRGzvXHlE1p4yt56O3udcZzAGnu4kjgC0zVj4g8dKwaTQYaQrSGHurdGxuDobQSn7O11t5Q=="
    },
    "typescript": {
      "version": "3.9.7",
      "resolved": "https://registry.npmjs.org/typescript/-/typescript-3.9.7.tgz",
      "integrity": "sha512-BLbiRkiBzAwsjut4x/dsibSTB6yWpwT5qWmC2OfuCg3GgVQCSgMs4vEctYPhsaGtd0AeuuHMkjZ2h2WG8MSzRw==",
      "dev": true
    }
  }
}
