{
  "name": "digitraffic-lambda-stack",
  "version": "1.0.0",
  "lockfileVersion": 1,
  "requires": true,
  "dependencies": {
    "@aws-cdk/assets": {
      "version": "1.35.0",
      "resolved": "https://registry.npmjs.org/@aws-cdk/assets/-/assets-1.35.0.tgz",
      "integrity": "sha512-5sLlEpF0vpJLi5Kz8agOUhjd9E9Jkq6X0t2Mr1msyHAz6B6Qz3neG6+ccVbtf8CsYkjdXQkzmbFYNwBhWkh+CA==",
      "requires": {
        "@aws-cdk/core": "1.35.0",
        "@aws-cdk/cx-api": "1.35.0",
        "constructs": "^3.0.2",
        "minimatch": "^3.0.4"
      },
      "dependencies": {
        "balanced-match": {
          "version": "1.0.0",
          "bundled": true
        },
        "brace-expansion": {
          "version": "1.1.11",
          "bundled": true,
          "requires": {
            "balanced-match": "^1.0.0",
            "concat-map": "0.0.1"
          }
        },
        "concat-map": {
          "version": "0.0.1",
          "bundled": true
        },
        "minimatch": {
          "version": "3.0.4",
          "bundled": true,
          "requires": {
            "brace-expansion": "^1.1.7"
          }
        }
      }
    },
    "@aws-cdk/aws-apigateway": {
      "version": "1.35.0",
      "resolved": "https://registry.npmjs.org/@aws-cdk/aws-apigateway/-/aws-apigateway-1.35.0.tgz",
      "integrity": "sha512-mP63OhPdENR6BJsEniT8dcrsQYWSVII3ckxoYehr22wRA7DVfw5kS0ADLR+vsaqC5F5JBfBp1wYmoIkLZVA0ww==",
      "requires": {
        "@aws-cdk/aws-certificatemanager": "1.35.0",
        "@aws-cdk/aws-ec2": "1.35.0",
        "@aws-cdk/aws-elasticloadbalancingv2": "1.35.0",
        "@aws-cdk/aws-iam": "1.35.0",
        "@aws-cdk/aws-lambda": "1.35.0",
        "@aws-cdk/aws-logs": "1.35.0",
        "@aws-cdk/core": "1.35.0",
        "constructs": "^3.0.2"
      }
    },
    "@aws-cdk/aws-certificatemanager": {
      "version": "1.35.0",
      "resolved": "https://registry.npmjs.org/@aws-cdk/aws-certificatemanager/-/aws-certificatemanager-1.35.0.tgz",
      "integrity": "sha512-FFXbIo8dUCNV/3d+iBwy19OWDTbGHk5bk6+AjClt53vl2D4mf3UhV2kcANrpYLwoSjw6e/P1TqQ9N7y32k9zHw==",
      "requires": {
        "@aws-cdk/aws-cloudformation": "1.35.0",
        "@aws-cdk/aws-iam": "1.35.0",
        "@aws-cdk/aws-lambda": "1.35.0",
        "@aws-cdk/aws-route53": "1.35.0",
        "@aws-cdk/core": "1.35.0",
        "constructs": "^3.0.2"
      }
    },
    "@aws-cdk/aws-cloudformation": {
      "version": "1.35.0",
      "resolved": "https://registry.npmjs.org/@aws-cdk/aws-cloudformation/-/aws-cloudformation-1.35.0.tgz",
      "integrity": "sha512-0ud31OEcpfII7Qe+jLH3IgZxWLun7MaDzJK1Aa9osXHoniVPBoCk1U4+YqNEJ5TXNApyVgWEsw3ItrDy3pfORQ==",
      "requires": {
        "@aws-cdk/aws-iam": "1.35.0",
        "@aws-cdk/aws-lambda": "1.35.0",
        "@aws-cdk/aws-s3": "1.35.0",
        "@aws-cdk/aws-sns": "1.35.0",
        "@aws-cdk/core": "1.35.0",
        "@aws-cdk/cx-api": "1.35.0",
        "constructs": "^3.0.2"
      }
    },
    "@aws-cdk/aws-cloudfront": {
      "version": "1.35.0",
      "resolved": "https://registry.npmjs.org/@aws-cdk/aws-cloudfront/-/aws-cloudfront-1.35.0.tgz",
      "integrity": "sha512-KGnaMZr96tlzzSG0Ti5RXha9GFaVI0Y7fem6TlQUNpN0OPSXNnfVTIx+BuPXYw7ksiUFdZWfJdgWTpMOfqW+Rw==",
      "requires": {
        "@aws-cdk/aws-certificatemanager": "1.35.0",
        "@aws-cdk/aws-iam": "1.35.0",
        "@aws-cdk/aws-kms": "1.35.0",
        "@aws-cdk/aws-lambda": "1.35.0",
        "@aws-cdk/aws-s3": "1.35.0",
        "@aws-cdk/core": "1.35.0",
        "constructs": "^3.0.2"
      }
    },
    "@aws-cdk/aws-cloudwatch": {
      "version": "1.35.0",
      "resolved": "https://registry.npmjs.org/@aws-cdk/aws-cloudwatch/-/aws-cloudwatch-1.35.0.tgz",
      "integrity": "sha512-0/RHxk2AtINY5NJCb6N2gQoBbpJBVXS5RElIB4mb9vnaFcmJ00UYaXsgGjXdCBagmsY9mfn+LM6qUSKefzVwzw==",
      "requires": {
        "@aws-cdk/aws-iam": "1.35.0",
        "@aws-cdk/core": "1.35.0",
        "constructs": "^3.0.2"
      }
    },
    "@aws-cdk/aws-ec2": {
      "version": "1.35.0",
      "resolved": "https://registry.npmjs.org/@aws-cdk/aws-ec2/-/aws-ec2-1.35.0.tgz",
      "integrity": "sha512-m0qEuBxqiOZVXXuNjEg5I7auYoXlscYeLW7QSK+jmKkQmKKTeKbp9mHzNoyFLw51aaEx6/TUKg+Ux8Nc2VzdHw==",
      "requires": {
        "@aws-cdk/aws-cloudwatch": "1.35.0",
        "@aws-cdk/aws-iam": "1.35.0",
        "@aws-cdk/aws-logs": "1.35.0",
        "@aws-cdk/aws-s3": "1.35.0",
        "@aws-cdk/aws-ssm": "1.35.0",
        "@aws-cdk/core": "1.35.0",
        "@aws-cdk/cx-api": "1.35.0",
        "@aws-cdk/region-info": "1.35.0",
        "constructs": "^3.0.2"
      }
    },
    "@aws-cdk/aws-elasticloadbalancingv2": {
      "version": "1.35.0",
      "resolved": "https://registry.npmjs.org/@aws-cdk/aws-elasticloadbalancingv2/-/aws-elasticloadbalancingv2-1.35.0.tgz",
      "integrity": "sha512-CXv3pkSkw6sgsRy7Uuwku8yqK/j2AfsY7uez1tf1Tf98aKz9GptnGjJ1dqv58oJhoC7eQo61AoH8dwc1sS5/HA==",
      "requires": {
        "@aws-cdk/aws-certificatemanager": "1.35.0",
        "@aws-cdk/aws-cloudwatch": "1.35.0",
        "@aws-cdk/aws-ec2": "1.35.0",
        "@aws-cdk/aws-iam": "1.35.0",
        "@aws-cdk/aws-lambda": "1.35.0",
        "@aws-cdk/aws-s3": "1.35.0",
        "@aws-cdk/core": "1.35.0",
        "constructs": "^3.0.2"
      }
    },
    "@aws-cdk/aws-events": {
      "version": "1.35.0",
      "resolved": "https://registry.npmjs.org/@aws-cdk/aws-events/-/aws-events-1.35.0.tgz",
      "integrity": "sha512-J4sfP7CaZWAcUjn3jkXtD7Y7qk3tbi7+zNCuGblbR9TMZO9r2G9Q0DDkSjJ6whEZJsRmCy49ZoAHb0COg9cupQ==",
      "requires": {
        "@aws-cdk/aws-iam": "1.35.0",
        "@aws-cdk/core": "1.35.0",
        "constructs": "^3.0.2"
      }
    },
    "@aws-cdk/aws-iam": {
      "version": "1.35.0",
      "resolved": "https://registry.npmjs.org/@aws-cdk/aws-iam/-/aws-iam-1.35.0.tgz",
      "integrity": "sha512-OfNWvHGVtN3tTXVTROU9NLivmbkNDgxnaexR4h4GqeRuCDc9kUvxhnZ7U7Gm5E5Jw4pxpcP5DS1K8NyQA2ZQBw==",
      "requires": {
        "@aws-cdk/core": "1.35.0",
        "@aws-cdk/region-info": "1.35.0",
        "constructs": "^3.0.2"
      }
    },
    "@aws-cdk/aws-kms": {
      "version": "1.35.0",
      "resolved": "https://registry.npmjs.org/@aws-cdk/aws-kms/-/aws-kms-1.35.0.tgz",
      "integrity": "sha512-w67cd3vG/6vHz/v2/Ow+iAHjn5jm3yhrbYUMbVc7CfPU//g9N70fV6mohKT+zdyoCSgrZ0WXlHRd64jPe8sutg==",
      "requires": {
        "@aws-cdk/aws-iam": "1.35.0",
        "@aws-cdk/core": "1.35.0",
        "constructs": "^3.0.2"
      }
    },
    "@aws-cdk/aws-lambda": {
      "version": "1.35.0",
      "resolved": "https://registry.npmjs.org/@aws-cdk/aws-lambda/-/aws-lambda-1.35.0.tgz",
      "integrity": "sha512-i/e0gd4oDs7enz4arqMTzrLsJkTJGffWTEOFFJhGmwVpbgjUqKq2P6Vf1l+PUwbWEvwLxVi+JIrI2QhDUST1GQ==",
      "requires": {
        "@aws-cdk/aws-cloudwatch": "1.35.0",
        "@aws-cdk/aws-ec2": "1.35.0",
        "@aws-cdk/aws-events": "1.35.0",
        "@aws-cdk/aws-iam": "1.35.0",
        "@aws-cdk/aws-logs": "1.35.0",
        "@aws-cdk/aws-s3": "1.35.0",
        "@aws-cdk/aws-s3-assets": "1.35.0",
        "@aws-cdk/aws-sqs": "1.35.0",
        "@aws-cdk/core": "1.35.0",
        "@aws-cdk/cx-api": "1.35.0",
        "constructs": "^3.0.2"
      }
    },
    "@aws-cdk/aws-logs": {
      "version": "1.35.0",
      "resolved": "https://registry.npmjs.org/@aws-cdk/aws-logs/-/aws-logs-1.35.0.tgz",
      "integrity": "sha512-fZOCi2q0S/fyte1yX/rrzAhj77KsfO9DPoRx1Hi/iLgG1ExPAGx/uexp1b+4upMvrSTiEhLvm1jURL6aMdDW2Q==",
      "requires": {
        "@aws-cdk/aws-cloudwatch": "1.35.0",
        "@aws-cdk/aws-iam": "1.35.0",
        "@aws-cdk/core": "1.35.0",
        "constructs": "^3.0.2"
      }
    },
    "@aws-cdk/aws-route53": {
      "version": "1.35.0",
      "resolved": "https://registry.npmjs.org/@aws-cdk/aws-route53/-/aws-route53-1.35.0.tgz",
      "integrity": "sha512-gpDEUoxFJG6v4ny6W5bKkmMxkXqQe9k4JIV4dIsLeifT8F52lGM5i/S6YjAXfzLhUg35f0E2haK0dXN2wkMTfA==",
      "requires": {
        "@aws-cdk/aws-ec2": "1.35.0",
        "@aws-cdk/aws-logs": "1.35.0",
        "@aws-cdk/core": "1.35.0",
        "@aws-cdk/cx-api": "1.35.0",
        "constructs": "^3.0.2"
      }
    },
    "@aws-cdk/aws-s3": {
      "version": "1.35.0",
      "resolved": "https://registry.npmjs.org/@aws-cdk/aws-s3/-/aws-s3-1.35.0.tgz",
      "integrity": "sha512-GRiL1yjWi0tlhPERAFGaOuOtX5E/1HhC8Tpbxg/6idpZJMoA+zRSYs0+Nd0U09kO+LqAecS8GmOqCxN9BpupMw==",
      "requires": {
        "@aws-cdk/aws-events": "1.35.0",
        "@aws-cdk/aws-iam": "1.35.0",
        "@aws-cdk/aws-kms": "1.35.0",
        "@aws-cdk/core": "1.35.0",
        "constructs": "^3.0.2"
      }
    },
    "@aws-cdk/aws-s3-assets": {
      "version": "1.35.0",
      "resolved": "https://registry.npmjs.org/@aws-cdk/aws-s3-assets/-/aws-s3-assets-1.35.0.tgz",
      "integrity": "sha512-a3EEzpzyWI1lXzn5+bhus/BBXCteZ7dgD9H9EjMK2WRPZ3WWIZ+7drORIs0rr/IXDPS2JhzSwQMzXe4PVdHCPA==",
      "requires": {
        "@aws-cdk/assets": "1.35.0",
        "@aws-cdk/aws-iam": "1.35.0",
        "@aws-cdk/aws-s3": "1.35.0",
        "@aws-cdk/core": "1.35.0",
        "@aws-cdk/cx-api": "1.35.0",
        "constructs": "^3.0.2"
      }
    },
    "@aws-cdk/aws-sns": {
      "version": "1.35.0",
      "resolved": "https://registry.npmjs.org/@aws-cdk/aws-sns/-/aws-sns-1.35.0.tgz",
      "integrity": "sha512-zgp07V6cLrfouXLjf9r3orJDZ8eq+8P733eot981Q2T0N5qoVvqOmTS6rhu+oeRczbYTcN2cLAm3ksjAGcm1Lg==",
      "requires": {
        "@aws-cdk/aws-cloudwatch": "1.35.0",
        "@aws-cdk/aws-events": "1.35.0",
        "@aws-cdk/aws-iam": "1.35.0",
        "@aws-cdk/aws-kms": "1.35.0",
        "@aws-cdk/core": "1.35.0",
        "constructs": "^3.0.2"
      }
    },
    "@aws-cdk/aws-sqs": {
      "version": "1.35.0",
      "resolved": "https://registry.npmjs.org/@aws-cdk/aws-sqs/-/aws-sqs-1.35.0.tgz",
      "integrity": "sha512-9mV5nF+wbHX5d6DiCYt+Rs82AWZzrQLN/ZAKn+SYV9dfpqc3IYRNijGz+pJ0lUC4PhWmfW2hC56om3LTHtgvuQ==",
      "requires": {
        "@aws-cdk/aws-cloudwatch": "1.35.0",
        "@aws-cdk/aws-iam": "1.35.0",
        "@aws-cdk/aws-kms": "1.35.0",
        "@aws-cdk/core": "1.35.0",
        "constructs": "^3.0.2"
      }
    },
    "@aws-cdk/aws-ssm": {
      "version": "1.35.0",
      "resolved": "https://registry.npmjs.org/@aws-cdk/aws-ssm/-/aws-ssm-1.35.0.tgz",
      "integrity": "sha512-ZnfTfep6UDK+72655KvuAEu97BD7GyGRXGsWphbAokcflTXWFIk295igNjMzYWCFJslIGEI3LQw6DOh6RDCqrg==",
      "requires": {
        "@aws-cdk/aws-iam": "1.35.0",
        "@aws-cdk/aws-kms": "1.35.0",
        "@aws-cdk/core": "1.35.0",
        "@aws-cdk/cx-api": "1.35.0",
        "constructs": "^3.0.2"
      }
    },
    "@aws-cdk/cloud-assembly-schema": {
      "version": "1.35.0",
      "resolved": "https://registry.npmjs.org/@aws-cdk/cloud-assembly-schema/-/cloud-assembly-schema-1.35.0.tgz",
      "integrity": "sha512-znbo92G4j7gAEQnlhktmUoiaEdSL0QQnUeBbvby56cwdFa8drszaHsoeNp/tEAVi50jLw3ZsJhMUKgdce4oPrg==",
      "requires": {
        "jsonschema": "^1.2.5",
        "semver": "^7.2.2"
      },
      "dependencies": {
        "jsonschema": {
          "version": "1.2.6",
          "bundled": true
        },
        "semver": {
          "version": "7.3.2",
          "bundled": true
        }
      }
    },
    "@aws-cdk/core": {
      "version": "1.35.0",
      "resolved": "https://registry.npmjs.org/@aws-cdk/core/-/core-1.35.0.tgz",
      "integrity": "sha512-Ht9S/DjCMLhdV9T/U/+h644NLtmtkKNJVKqg2GpqpydgSJtSAWn066pPq5LpDn2qEsGTcyXm7OD80hP29frOhA==",
      "requires": {
        "@aws-cdk/cloud-assembly-schema": "1.35.0",
        "@aws-cdk/cx-api": "1.35.0",
        "constructs": "^3.0.2"
      }
    },
    "@aws-cdk/cx-api": {
      "version": "1.35.0",
      "resolved": "https://registry.npmjs.org/@aws-cdk/cx-api/-/cx-api-1.35.0.tgz",
      "integrity": "sha512-+qe0MshVrQvvo+Nbt3+N/3llDjv2dxIoNfR1wWduJcv65PCdnvs6cMhHASX4wL8eTQkW7s4cFhk9VGRTdal26g==",
      "requires": {
        "@aws-cdk/cloud-assembly-schema": "1.35.0",
        "semver": "^7.2.2"
      },
      "dependencies": {
        "semver": {
          "version": "7.3.2",
          "bundled": true
        }
      }
    },
    "@aws-cdk/region-info": {
      "version": "1.35.0",
      "resolved": "https://registry.npmjs.org/@aws-cdk/region-info/-/region-info-1.35.0.tgz",
      "integrity": "sha512-RVzKL/hfhMItSCi9L/JSKBKWbICpuP1QzfE5411vcxWJbaE2gTfaXowkFlZKBtEQxkIvCGR+hVEaU7Ay3pNLZw=="
    },
    "@types/node": {
      "version": "13.13.4",
      "resolved": "https://registry.npmjs.org/@types/node/-/node-13.13.4.tgz",
      "integrity": "sha512-x26ur3dSXgv5AwKS0lNfbjpCakGIduWU1DU91Zz58ONRWrIKGunmZBNv4P7N+e27sJkiGDsw/3fT4AtsqQBrBA=="
    },
    "@types/ramda": {
      "version": "0.27.4",
      "resolved": "https://registry.npmjs.org/@types/ramda/-/ramda-0.27.4.tgz",
      "integrity": "sha512-uE1OSffeRZoFjVah2RjR4pAyptzqN6T+fEsWr06biuUstR2IBIzKhSGwKxzISAoy4SC+JkJv8y99Hm3cJ/TDOQ==",
      "requires": {
        "ts-toolbelt": "^6.3.3"
      }
    },
    "constructs": {
      "version": "3.0.2",
      "resolved": "https://registry.npmjs.org/constructs/-/constructs-3.0.2.tgz",
      "integrity": "sha512-Q4SkOFaRH2D65kvcGrDZ/FgJwk59HwUohbdCbeIueas+8RJhd9N4j6QgvHnMfTOmQWDPXCn1IGwteTLC0OK1NA=="
    },
    "ramda": {
      "version": "0.27.0",
      "resolved": "https://registry.npmjs.org/ramda/-/ramda-0.27.0.tgz",
      "integrity": "sha512-pVzZdDpWwWqEVVLshWUHjNwuVP7SfcmPraYuqocJp1yo2U1R7P+5QAfDhdItkuoGqIBnBYrtPp7rEPqDn9HlZA=="
    },
    "ts-toolbelt": {
      "version": "6.5.1",
      "resolved": "https://registry.npmjs.org/ts-toolbelt/-/ts-toolbelt-6.5.1.tgz",
      "integrity": "sha512-zjnZ/vy1eUA0li3H0JXecl0R3jiP42snpLimsrppt9V3LLbM4NM4jMgjXQ4S67hvehq+r9CxpX4Wj6RnFRzReA=="
    }
  }
}
