{
  "name": "digitraffic-cdk-api",
  "version": "1.0.0",
  "lockfileVersion": 1,
  "requires": true,
  "dependencies": {
    "@aws-cdk/assets": {
      "version": "1.82.0",
      "resolved": "https://registry.npmjs.org/@aws-cdk/assets/-/assets-1.82.0.tgz",
      "integrity": "sha512-+P3NgVOjkv/nC0aWY8bzNbclpDR7kyKRLtlnKpBTbAcWmbxl+QfOV/mlNWV4S1kjL9iK8NCECAlwJTxORGcIow==",
      "requires": {
        "@aws-cdk/core": "1.82.0",
        "@aws-cdk/cx-api": "1.82.0",
        "constructs": "^3.2.0"
      }
    },
    "@aws-cdk/aws-apigateway": {
      "version": "1.82.0",
      "resolved": "https://registry.npmjs.org/@aws-cdk/aws-apigateway/-/aws-apigateway-1.82.0.tgz",
      "integrity": "sha512-FGIINpDaaGHCjoaopmI2tBbeSi36wA5ZFJofg5eOUPLRdTtEwY5GpsYwejkF06bjLbnvi6LcTXHfBkRB117IJg==",
      "requires": {
        "@aws-cdk/assets": "1.82.0",
        "@aws-cdk/aws-certificatemanager": "1.82.0",
        "@aws-cdk/aws-cloudwatch": "1.82.0",
        "@aws-cdk/aws-ec2": "1.82.0",
        "@aws-cdk/aws-elasticloadbalancingv2": "1.82.0",
        "@aws-cdk/aws-iam": "1.82.0",
        "@aws-cdk/aws-lambda": "1.82.0",
        "@aws-cdk/aws-logs": "1.82.0",
        "@aws-cdk/aws-s3": "1.82.0",
        "@aws-cdk/aws-s3-assets": "1.82.0",
        "@aws-cdk/core": "1.82.0",
        "@aws-cdk/cx-api": "1.82.0",
        "constructs": "^3.2.0"
      }
    },
    "@aws-cdk/aws-applicationautoscaling": {
      "version": "1.82.0",
      "resolved": "https://registry.npmjs.org/@aws-cdk/aws-applicationautoscaling/-/aws-applicationautoscaling-1.82.0.tgz",
      "integrity": "sha512-d6/BxyqjT18yujN8zioCb1wQpD1H9B+S6XnPo2AGXw4lzbhuOGjvo8JfpQwNAwvdMKlyO3YOlA2Qy2VI6Rrkog==",
      "requires": {
        "@aws-cdk/aws-autoscaling-common": "1.82.0",
        "@aws-cdk/aws-cloudwatch": "1.82.0",
        "@aws-cdk/aws-iam": "1.82.0",
        "@aws-cdk/core": "1.82.0",
        "constructs": "^3.2.0"
      }
    },
    "@aws-cdk/aws-autoscaling-common": {
      "version": "1.82.0",
      "resolved": "https://registry.npmjs.org/@aws-cdk/aws-autoscaling-common/-/aws-autoscaling-common-1.82.0.tgz",
      "integrity": "sha512-meFpRmujLMFLq19uCwiBuIva1WfQrA5dTV3HmQK78iQDDSsoK9jQ6IWCQh7Fvs5NeRqr7Fscy97dTCn3chYwXQ==",
      "requires": {
        "@aws-cdk/aws-iam": "1.82.0",
        "@aws-cdk/core": "1.82.0",
        "constructs": "^3.2.0"
      }
    },
    "@aws-cdk/aws-certificatemanager": {
      "version": "1.82.0",
      "resolved": "https://registry.npmjs.org/@aws-cdk/aws-certificatemanager/-/aws-certificatemanager-1.82.0.tgz",
      "integrity": "sha512-bXw3mkJX72X5z4iDeH1AyoGKuRS0KwA6EBZL3Ef4D738BYspHKgdhg3MKrlY+gbwMuSw9bAONGEeoRQO+Taufw==",
      "requires": {
        "@aws-cdk/aws-iam": "1.82.0",
        "@aws-cdk/aws-lambda": "1.82.0",
        "@aws-cdk/aws-route53": "1.82.0",
        "@aws-cdk/core": "1.82.0",
        "constructs": "^3.2.0"
      }
    },
    "@aws-cdk/aws-cloudformation": {
      "version": "1.82.0",
      "resolved": "https://registry.npmjs.org/@aws-cdk/aws-cloudformation/-/aws-cloudformation-1.82.0.tgz",
      "integrity": "sha512-RnBcRyCJDn5zarWsSA8RChc0uxSBcZVOCyG9JkFPuYZ7gYEjywQuacxEzOQhyoae2gmCfMbBYvpBkIwqlOc5fA==",
      "requires": {
        "@aws-cdk/aws-iam": "1.82.0",
        "@aws-cdk/aws-lambda": "1.82.0",
        "@aws-cdk/aws-s3": "1.82.0",
        "@aws-cdk/aws-sns": "1.82.0",
        "@aws-cdk/core": "1.82.0",
        "@aws-cdk/cx-api": "1.82.0",
        "constructs": "^3.2.0"
      }
    },
    "@aws-cdk/aws-cloudfront": {
      "version": "1.82.0",
      "resolved": "https://registry.npmjs.org/@aws-cdk/aws-cloudfront/-/aws-cloudfront-1.82.0.tgz",
      "integrity": "sha512-PxDosxg1Q/vN3jWGgvrI1WTFfBmU+HmbGxzsBVtaVu4KMM6tukAgQWkjxtLc4klHREiAotwCVVo9U3npW/llVw==",
      "requires": {
        "@aws-cdk/aws-certificatemanager": "1.82.0",
        "@aws-cdk/aws-cloudwatch": "1.82.0",
        "@aws-cdk/aws-ec2": "1.82.0",
        "@aws-cdk/aws-iam": "1.82.0",
        "@aws-cdk/aws-kms": "1.82.0",
        "@aws-cdk/aws-lambda": "1.82.0",
        "@aws-cdk/aws-s3": "1.82.0",
        "@aws-cdk/aws-ssm": "1.82.0",
        "@aws-cdk/core": "1.82.0",
        "constructs": "^3.2.0"
      }
    },
    "@aws-cdk/aws-cloudwatch": {
      "version": "1.82.0",
      "resolved": "https://registry.npmjs.org/@aws-cdk/aws-cloudwatch/-/aws-cloudwatch-1.82.0.tgz",
      "integrity": "sha512-nQrglW/Ns88FdywOe2y8wiW/aPeCwm+2Bzyv1WgHi66BrJ8PFhZS3H5HhaWYZKLo5G13I+snoz3AMQQLnoqoAg==",
      "requires": {
        "@aws-cdk/aws-iam": "1.82.0",
        "@aws-cdk/core": "1.82.0",
        "constructs": "^3.2.0"
      }
    },
    "@aws-cdk/aws-codeguruprofiler": {
      "version": "1.82.0",
      "resolved": "https://registry.npmjs.org/@aws-cdk/aws-codeguruprofiler/-/aws-codeguruprofiler-1.82.0.tgz",
      "integrity": "sha512-U5sf6Wf9BLMrT+N2vpIfEmAj4cgzHvJc4gIZTwVwVcE5KT9LCNavQp+4QwCwkb3n048F6nHdN1PJHi9HbIZdGA==",
      "requires": {
        "@aws-cdk/aws-iam": "1.82.0",
        "@aws-cdk/core": "1.82.0",
        "constructs": "^3.2.0"
      }
    },
    "@aws-cdk/aws-ec2": {
      "version": "1.82.0",
      "resolved": "https://registry.npmjs.org/@aws-cdk/aws-ec2/-/aws-ec2-1.82.0.tgz",
      "integrity": "sha512-rPi1wqGADKnrLfkeo1PJM9AbJpyCd5Iii+fcID8UBSVUokcJGuIGWRkAyz2mvw4jcehcaArcsp3uSYrvRPI7KA==",
      "requires": {
        "@aws-cdk/aws-cloudwatch": "1.82.0",
        "@aws-cdk/aws-iam": "1.82.0",
        "@aws-cdk/aws-kms": "1.82.0",
        "@aws-cdk/aws-logs": "1.82.0",
        "@aws-cdk/aws-s3": "1.82.0",
        "@aws-cdk/aws-s3-assets": "1.82.0",
        "@aws-cdk/aws-ssm": "1.82.0",
        "@aws-cdk/cloud-assembly-schema": "1.82.0",
        "@aws-cdk/core": "1.82.0",
        "@aws-cdk/cx-api": "1.82.0",
        "@aws-cdk/region-info": "1.82.0",
        "constructs": "^3.2.0"
      }
    },
    "@aws-cdk/aws-ecr": {
      "version": "1.82.0",
      "resolved": "https://registry.npmjs.org/@aws-cdk/aws-ecr/-/aws-ecr-1.82.0.tgz",
      "integrity": "sha512-NGO1DVSdVz5WVlC8r1QX/7kasGQFG5T2UUJTCjxH8qdkL99LGX4atzM21p+vlC1sWxurZ5R9A3v4EUYxd4aR0A==",
      "requires": {
        "@aws-cdk/aws-events": "1.82.0",
        "@aws-cdk/aws-iam": "1.82.0",
        "@aws-cdk/core": "1.82.0",
        "constructs": "^3.2.0"
      }
    },
    "@aws-cdk/aws-ecr-assets": {
      "version": "1.82.0",
      "resolved": "https://registry.npmjs.org/@aws-cdk/aws-ecr-assets/-/aws-ecr-assets-1.82.0.tgz",
      "integrity": "sha512-5ADa/F5tWaKuNWs21JdDTEOSVvr6T/B/2MgH39LBlGDxQUsdWjJ+4th6RR6xfzN4vJsdGFi3nAiC7FOCH/pJGA==",
      "requires": {
        "@aws-cdk/assets": "1.82.0",
        "@aws-cdk/aws-ecr": "1.82.0",
        "@aws-cdk/aws-iam": "1.82.0",
        "@aws-cdk/aws-s3": "1.82.0",
        "@aws-cdk/core": "1.82.0",
        "@aws-cdk/cx-api": "1.82.0",
        "constructs": "^3.2.0",
        "minimatch": "^3.0.4"
      },
      "dependencies": {
        "balanced-match": {
          "version": "1.0.0",
          "bundled": true
        },
        "brace-expansion": {
          "version": "1.1.11",
          "bundled": true,
          "requires": {
            "balanced-match": "^1.0.0",
            "concat-map": "0.0.1"
          }
        },
        "concat-map": {
          "version": "0.0.1",
          "bundled": true
        },
        "minimatch": {
          "version": "3.0.4",
          "bundled": true,
          "requires": {
            "brace-expansion": "^1.1.7"
          }
        }
      }
    },
    "@aws-cdk/aws-efs": {
      "version": "1.82.0",
      "resolved": "https://registry.npmjs.org/@aws-cdk/aws-efs/-/aws-efs-1.82.0.tgz",
      "integrity": "sha512-oSHUN8ET59HIwwhTvcnYa++8uOybjDOuLzuBKfHCLpCOqzHq//6KpIfDSVoKnGDq/TuApUXHz4eCkQIYJugwOw==",
      "requires": {
        "@aws-cdk/aws-ec2": "1.82.0",
        "@aws-cdk/aws-kms": "1.82.0",
        "@aws-cdk/cloud-assembly-schema": "1.82.0",
        "@aws-cdk/core": "1.82.0",
        "@aws-cdk/cx-api": "1.82.0",
        "constructs": "^3.2.0"
      }
    },
    "@aws-cdk/aws-elasticloadbalancingv2": {
      "version": "1.82.0",
      "resolved": "https://registry.npmjs.org/@aws-cdk/aws-elasticloadbalancingv2/-/aws-elasticloadbalancingv2-1.82.0.tgz",
      "integrity": "sha512-pL8PDjDABgw6P2dfhrHIyp1UTxwSKmxrXcm8eOk5Ch9MbaTINQPNOHiAouVlkgWmnDgMvH2INGbFbwnNbgzu1w==",
      "requires": {
        "@aws-cdk/aws-certificatemanager": "1.82.0",
        "@aws-cdk/aws-cloudwatch": "1.82.0",
        "@aws-cdk/aws-ec2": "1.82.0",
        "@aws-cdk/aws-iam": "1.82.0",
        "@aws-cdk/aws-lambda": "1.82.0",
        "@aws-cdk/aws-s3": "1.82.0",
        "@aws-cdk/cloud-assembly-schema": "1.82.0",
        "@aws-cdk/core": "1.82.0",
        "@aws-cdk/cx-api": "1.82.0",
        "@aws-cdk/region-info": "1.82.0",
        "constructs": "^3.2.0"
      }
    },
    "@aws-cdk/aws-events": {
      "version": "1.82.0",
      "resolved": "https://registry.npmjs.org/@aws-cdk/aws-events/-/aws-events-1.82.0.tgz",
      "integrity": "sha512-hej4ysakldS7wtRlFyUNWgb2JsdJq76O0WXVZGX6DkNgkOACC8rBT/bcDPr9SkuT2fsX3/+Fz8/MXD4PbDaVQw==",
      "requires": {
        "@aws-cdk/aws-iam": "1.82.0",
        "@aws-cdk/core": "1.82.0",
        "constructs": "^3.2.0"
      }
    },
    "@aws-cdk/aws-iam": {
      "version": "1.82.0",
      "resolved": "https://registry.npmjs.org/@aws-cdk/aws-iam/-/aws-iam-1.82.0.tgz",
      "integrity": "sha512-b9waajQSYr4koXnCZVO/icbpoRS/d3CWVui6yoxPl6UsKy+V0WloCF3oXz1MIjQLHZNh5ysmy85WofYVrefVmg==",
      "requires": {
        "@aws-cdk/core": "1.82.0",
        "@aws-cdk/region-info": "1.82.0",
        "constructs": "^3.2.0"
      }
    },
    "@aws-cdk/aws-kms": {
      "version": "1.82.0",
      "resolved": "https://registry.npmjs.org/@aws-cdk/aws-kms/-/aws-kms-1.82.0.tgz",
      "integrity": "sha512-JiQ8b/TK693XVIvWdoU9RRxWywzPzxAY5uO7Jaao1D/55wkJXiAPCZUV3wboxBRhHKxQLmxlOlnpxNU0efK3qA==",
      "requires": {
        "@aws-cdk/aws-iam": "1.82.0",
        "@aws-cdk/core": "1.82.0",
        "@aws-cdk/cx-api": "1.82.0",
        "constructs": "^3.2.0"
      }
    },
    "@aws-cdk/aws-lambda": {
      "version": "1.82.0",
      "resolved": "https://registry.npmjs.org/@aws-cdk/aws-lambda/-/aws-lambda-1.82.0.tgz",
      "integrity": "sha512-HLHUA/rp2J09xxOta/h2C+SNO4ICS+w9tkVT9lmu62MGOI4JTKvmHZBDoTuno5kvamDv12tkXMBlPvaeYEi87Q==",
      "requires": {
        "@aws-cdk/aws-applicationautoscaling": "1.82.0",
        "@aws-cdk/aws-cloudwatch": "1.82.0",
        "@aws-cdk/aws-codeguruprofiler": "1.82.0",
        "@aws-cdk/aws-ec2": "1.82.0",
        "@aws-cdk/aws-ecr": "1.82.0",
        "@aws-cdk/aws-ecr-assets": "1.82.0",
        "@aws-cdk/aws-efs": "1.82.0",
        "@aws-cdk/aws-events": "1.82.0",
        "@aws-cdk/aws-iam": "1.82.0",
        "@aws-cdk/aws-kms": "1.82.0",
        "@aws-cdk/aws-logs": "1.82.0",
        "@aws-cdk/aws-s3": "1.82.0",
        "@aws-cdk/aws-s3-assets": "1.82.0",
        "@aws-cdk/aws-sqs": "1.82.0",
        "@aws-cdk/core": "1.82.0",
        "@aws-cdk/cx-api": "1.82.0",
        "constructs": "^3.2.0"
      }
    },
    "@aws-cdk/aws-logs": {
      "version": "1.82.0",
      "resolved": "https://registry.npmjs.org/@aws-cdk/aws-logs/-/aws-logs-1.82.0.tgz",
      "integrity": "sha512-FM+6dUmrIx4gDcEfHJMUxZ0o1fnLEjJNC5d/1Tbmu1UFc8T0v22JMJoJZQa03CLqK6IOrJ77mWY3VW+lsewe0w==",
      "requires": {
        "@aws-cdk/aws-cloudwatch": "1.82.0",
        "@aws-cdk/aws-iam": "1.82.0",
        "@aws-cdk/aws-kms": "1.82.0",
        "@aws-cdk/aws-s3-assets": "1.82.0",
        "@aws-cdk/core": "1.82.0",
        "constructs": "^3.2.0"
      }
    },
    "@aws-cdk/aws-route53": {
      "version": "1.82.0",
      "resolved": "https://registry.npmjs.org/@aws-cdk/aws-route53/-/aws-route53-1.82.0.tgz",
      "integrity": "sha512-Yu10jiwqnZNlYT6NhlI250wwkIWyMieDH7BAs00tpvFpT4AdjGH9Ac70uo6B6Rsvj3zkrIjzEJEmMX9SATdBYA==",
      "requires": {
        "@aws-cdk/aws-ec2": "1.82.0",
        "@aws-cdk/aws-logs": "1.82.0",
        "@aws-cdk/cloud-assembly-schema": "1.82.0",
        "@aws-cdk/core": "1.82.0",
        "@aws-cdk/custom-resources": "1.82.0",
        "constructs": "^3.2.0"
      }
    },
    "@aws-cdk/aws-s3": {
      "version": "1.82.0",
      "resolved": "https://registry.npmjs.org/@aws-cdk/aws-s3/-/aws-s3-1.82.0.tgz",
      "integrity": "sha512-OHkpq2pUnbHCZxmctPWEUrm7bXnq0xCwSkGpcoKkORBhlcga4A9RCneA5eyBUU7Eoy3ECfwSbFaDVtQn1+J5Ew==",
      "requires": {
        "@aws-cdk/aws-events": "1.82.0",
        "@aws-cdk/aws-iam": "1.82.0",
        "@aws-cdk/aws-kms": "1.82.0",
        "@aws-cdk/core": "1.82.0",
        "constructs": "^3.2.0"
      }
    },
    "@aws-cdk/aws-s3-assets": {
      "version": "1.82.0",
      "resolved": "https://registry.npmjs.org/@aws-cdk/aws-s3-assets/-/aws-s3-assets-1.82.0.tgz",
      "integrity": "sha512-IPhGoDDIum36veMXjGh080nihIrlORSCYCFu8he1+sgze9oFfb7jPIAfIPzz7bW1sPc4NdKjJTFt0w0cq1ELPg==",
      "requires": {
        "@aws-cdk/assets": "1.82.0",
        "@aws-cdk/aws-iam": "1.82.0",
        "@aws-cdk/aws-kms": "1.82.0",
        "@aws-cdk/aws-s3": "1.82.0",
        "@aws-cdk/core": "1.82.0",
        "@aws-cdk/cx-api": "1.82.0",
        "constructs": "^3.2.0"
      }
    },
    "@aws-cdk/aws-sam": {
      "version": "1.82.0",
      "resolved": "https://registry.npmjs.org/@aws-cdk/aws-sam/-/aws-sam-1.82.0.tgz",
      "integrity": "sha512-j7haLlr2WjYp+ptO5iEcCIcrPzW1g4hiZ3m9CuGyEmc7Aj60Fok1V7a9/ymvblHwg1W6WutYqw+BGXMWJnQf2A==",
      "requires": {
        "@aws-cdk/core": "1.82.0",
        "constructs": "^3.2.0"
      }
    },
    "@aws-cdk/aws-secretsmanager": {
      "version": "1.82.0",
      "resolved": "https://registry.npmjs.org/@aws-cdk/aws-secretsmanager/-/aws-secretsmanager-1.82.0.tgz",
      "integrity": "sha512-rU2IV+ZQ+sufJEvYjlEnMZRtYuQk7mdctrS1BZQldq62Gnnknc7EMuOmtDyYq27+ky/YdBS6eRc6m3nDHQeZmQ==",
      "requires": {
        "@aws-cdk/aws-ec2": "1.82.0",
        "@aws-cdk/aws-iam": "1.82.0",
        "@aws-cdk/aws-kms": "1.82.0",
        "@aws-cdk/aws-lambda": "1.82.0",
        "@aws-cdk/aws-sam": "1.82.0",
        "@aws-cdk/core": "1.82.0",
        "@aws-cdk/cx-api": "1.82.0",
        "constructs": "^3.2.0"
      }
    },
    "@aws-cdk/aws-sns": {
      "version": "1.82.0",
      "resolved": "https://registry.npmjs.org/@aws-cdk/aws-sns/-/aws-sns-1.82.0.tgz",
      "integrity": "sha512-6dVj8SJidvrn64XVE1LjeLq1buOT3N7hyTS+OaF5u7CJlyAoHpNErHLQTjRbin2d5waPKjrKaypJdTciLzvmcA==",
      "requires": {
        "@aws-cdk/aws-cloudwatch": "1.82.0",
        "@aws-cdk/aws-events": "1.82.0",
        "@aws-cdk/aws-iam": "1.82.0",
        "@aws-cdk/aws-kms": "1.82.0",
        "@aws-cdk/aws-sqs": "1.82.0",
        "@aws-cdk/core": "1.82.0",
        "constructs": "^3.2.0"
      }
    },
    "@aws-cdk/aws-sqs": {
      "version": "1.82.0",
      "resolved": "https://registry.npmjs.org/@aws-cdk/aws-sqs/-/aws-sqs-1.82.0.tgz",
      "integrity": "sha512-Hk5V/mNdQwDvt9tUOBcURDJOkonDumK07pFM4st73+zl5nqfjzVDdBVJgvpPv0VOWHulP6LwL1O30MToXji1tw==",
      "requires": {
        "@aws-cdk/aws-cloudwatch": "1.82.0",
        "@aws-cdk/aws-iam": "1.82.0",
        "@aws-cdk/aws-kms": "1.82.0",
        "@aws-cdk/core": "1.82.0",
        "constructs": "^3.2.0"
      }
    },
    "@aws-cdk/aws-ssm": {
      "version": "1.82.0",
      "resolved": "https://registry.npmjs.org/@aws-cdk/aws-ssm/-/aws-ssm-1.82.0.tgz",
      "integrity": "sha512-b4lXrQicCT9Jttp1C6jgfQTxPp+2Wqfx1hSbHKr1hg6Kv5k3RG4GJu4bIRV8iRYyKmm74SzAA1Uwh6P/RY8k1g==",
      "requires": {
        "@aws-cdk/aws-iam": "1.82.0",
        "@aws-cdk/aws-kms": "1.82.0",
        "@aws-cdk/cloud-assembly-schema": "1.82.0",
        "@aws-cdk/core": "1.82.0",
        "constructs": "^3.2.0"
      }
    },
    "@aws-cdk/cloud-assembly-schema": {
      "version": "1.82.0",
      "resolved": "https://registry.npmjs.org/@aws-cdk/cloud-assembly-schema/-/cloud-assembly-schema-1.82.0.tgz",
      "integrity": "sha512-eXf2CYLO6akkD6+2dsgGsECYZfQ2179QU5uDRH+9yWhaE0jQmca2o5m+HgaGE9AfvlIXiPeMYp1/6Ut22dh0jg==",
      "requires": {
        "jsonschema": "^1.4.0",
        "semver": "^7.3.2"
      },
      "dependencies": {
        "jsonschema": {
          "version": "1.4.0",
          "bundled": true
        },
        "semver": {
          "version": "7.3.2",
          "bundled": true
        }
      }
    },
    "@aws-cdk/core": {
      "version": "1.82.0",
      "resolved": "https://registry.npmjs.org/@aws-cdk/core/-/core-1.82.0.tgz",
      "integrity": "sha512-0bGrY7JxiOWKYlL4SjT+3IPevjQdHqxF5yxF6002cRCRDJK+GYMFxu6bblJ0CxXCkXfJ9cDOPo/Btz4FXnQWQw==",
      "requires": {
        "@aws-cdk/cloud-assembly-schema": "1.82.0",
        "@aws-cdk/cx-api": "1.82.0",
        "@aws-cdk/region-info": "1.82.0",
        "@balena/dockerignore": "^1.0.2",
        "constructs": "^3.2.0",
        "fs-extra": "^9.0.1",
        "ignore": "^5.1.8",
        "minimatch": "^3.0.4"
      },
      "dependencies": {
        "@balena/dockerignore": {
          "version": "1.0.2",
          "bundled": true
        },
        "at-least-node": {
          "version": "1.0.0",
          "bundled": true
        },
        "balanced-match": {
          "version": "1.0.0",
          "bundled": true
        },
        "brace-expansion": {
          "version": "1.1.11",
          "bundled": true,
          "requires": {
            "balanced-match": "^1.0.0",
            "concat-map": "0.0.1"
          }
        },
        "concat-map": {
          "version": "0.0.1",
          "bundled": true
        },
        "fs-extra": {
          "version": "9.0.1",
          "bundled": true,
          "requires": {
            "at-least-node": "^1.0.0",
            "graceful-fs": "^4.2.0",
            "jsonfile": "^6.0.1",
            "universalify": "^1.0.0"
          }
        },
        "graceful-fs": {
          "version": "4.2.4",
          "bundled": true
        },
        "ignore": {
          "version": "5.1.8",
          "bundled": true
        },
        "jsonfile": {
          "version": "6.1.0",
          "bundled": true,
          "requires": {
            "graceful-fs": "^4.1.6",
            "universalify": "^2.0.0"
          },
          "dependencies": {
            "universalify": {
              "version": "2.0.0",
              "bundled": true
            }
          }
        },
        "minimatch": {
          "version": "3.0.4",
          "bundled": true,
          "requires": {
            "brace-expansion": "^1.1.7"
          }
        },
        "universalify": {
          "version": "1.0.0",
          "bundled": true
        }
      }
    },
    "@aws-cdk/custom-resources": {
      "version": "1.82.0",
      "resolved": "https://registry.npmjs.org/@aws-cdk/custom-resources/-/custom-resources-1.82.0.tgz",
      "integrity": "sha512-NsZqyBrPVQVLB69POwl96MebP4B0g26EDhSxwY8NlWE6a7J7VQXtCRiMbwEU5Kr9CmH1tuPrNmhG4pWILOMGvA==",
      "requires": {
        "@aws-cdk/aws-cloudformation": "1.82.0",
        "@aws-cdk/aws-ec2": "1.82.0",
        "@aws-cdk/aws-iam": "1.82.0",
        "@aws-cdk/aws-lambda": "1.82.0",
        "@aws-cdk/aws-logs": "1.82.0",
        "@aws-cdk/aws-sns": "1.82.0",
        "@aws-cdk/core": "1.82.0",
        "constructs": "^3.2.0"
      }
    },
    "@aws-cdk/cx-api": {
      "version": "1.82.0",
      "resolved": "https://registry.npmjs.org/@aws-cdk/cx-api/-/cx-api-1.82.0.tgz",
      "integrity": "sha512-RcyLJu9WQLQWsMuAzZyBgF4YFz5SsZOg9UM0/LAHzz3bFeZlwekTcrbb9mJJv5Dharva6x47MU2fbmBTrmlakQ==",
      "requires": {
        "@aws-cdk/cloud-assembly-schema": "1.82.0",
        "semver": "^7.3.2"
      },
      "dependencies": {
        "semver": {
          "version": "7.3.2",
          "bundled": true
        }
      }
    },
    "@aws-cdk/region-info": {
      "version": "1.82.0",
      "resolved": "https://registry.npmjs.org/@aws-cdk/region-info/-/region-info-1.82.0.tgz",
      "integrity": "sha512-mIO2zJP3rUtuGPX/PlLVew3uU29rESswrykmZKuOXDgOvGsYKDAEPI00l0XVm2n9k1p3gVRH1dEysl/C+NSBiA=="
    },
    "@types/geojson": {
      "version": "7946.0.7",
      "resolved": "https://registry.npmjs.org/@types/geojson/-/geojson-7946.0.7.tgz",
      "integrity": "sha512-wE2v81i4C4Ol09RtsWFAqg3BUitWbHSpSlIo+bNdsCJijO9sjme+zm+73ZMCa/qMC8UEERxzGbvmr1cffo2SiQ=="
    },
    "@types/node": {
      "version": "14.14.20",
      "resolved": "https://registry.npmjs.org/@types/node/-/node-14.14.20.tgz",
      "integrity": "sha512-Y93R97Ouif9JEOWPIUyU+eyIdyRqQR0I8Ez1dzku4hDx34NWh4HbtIc3WNzwB1Y9ULvNGeu5B8h8bVL5cAk4/A=="
    },
    "assert-options": {
      "version": "0.7.0",
      "resolved": "https://registry.npmjs.org/assert-options/-/assert-options-0.7.0.tgz",
      "integrity": "sha512-7q9uNH/Dh8gFgpIIb9ja8PJEWA5AQy3xnBC8jtKs8K/gNVCr1K6kIvlm59HUyYgvM7oEDoLzGgPcGd9FqhtXEQ=="
    },
    "aws-sdk": {
      "version": "2.821.0",
      "resolved": "https://registry.npmjs.org/aws-sdk/-/aws-sdk-2.821.0.tgz",
      "integrity": "sha512-UtUlURMzmns1Wq8uAdJcyKsm/nW7iRYgTQEONQIpud0xwtjpPPR1pBFB0RSNZuYnZxcWboo807+jxq+LjaBEKA==",
      "requires": {
        "buffer": "4.9.2",
        "events": "1.1.1",
        "ieee754": "1.1.13",
        "jmespath": "0.15.0",
        "querystring": "0.2.0",
        "sax": "1.2.1",
        "url": "0.10.3",
        "uuid": "3.3.2",
        "xml2js": "0.4.19"
      }
    },
    "base64-js": {
      "version": "1.5.1",
      "resolved": "https://registry.npmjs.org/base64-js/-/base64-js-1.5.1.tgz",
      "integrity": "sha512-AKpaYlHn8t4SVbOHCy+b5+KKgvR4vrsD8vbvrbiQJps7fKDTkjkDry6ji0rUJjC0kzbNePLwzxq8iypo41qeWA=="
    },
    "bindings": {
      "version": "1.5.0",
      "resolved": "https://registry.npmjs.org/bindings/-/bindings-1.5.0.tgz",
      "integrity": "sha512-p2q/t/mhvuOj/UeLlV6566GD/guowlr0hHxClI0W9m7MWYkL1F0hLo+0Aexs9HSPCtR1SXQ0TD3MMKrXZajbiQ==",
      "requires": {
        "file-uri-to-path": "1.0.0"
      }
    },
    "buffer": {
      "version": "4.9.2",
      "resolved": "https://registry.npmjs.org/buffer/-/buffer-4.9.2.tgz",
      "integrity": "sha512-xq+q3SRMOxGivLhBNaUdC64hDTQwejJ+H0T/NB1XMtTVEwNTrfFF3gAxiyW0Bu/xWEGhjVKgUcMhCrUy2+uCWg==",
      "requires": {
        "base64-js": "^1.0.2",
        "ieee754": "^1.1.4",
        "isarray": "^1.0.0"
      }
    },
    "buffer-writer": {
      "version": "2.0.0",
      "resolved": "https://registry.npmjs.org/buffer-writer/-/buffer-writer-2.0.0.tgz",
      "integrity": "sha512-a7ZpuTZU1TRtnwyCNW3I5dc0wWNC3VR9S++Ewyk2HHZdrO3CQJqSpd+95Us590V6AL7JqUAH2IwZ/398PmNFgw=="
    },
    "constructs": {
      "version": "3.2.97",
      "resolved": "https://registry.npmjs.org/constructs/-/constructs-3.2.97.tgz",
      "integrity": "sha512-/EDdJlYVefSUDVnPoS4diUAPGumrEPl4h3ICRST9n6WyBXKdyhG36Nj0l0VLspYtYzNxa/VRgOHrV7fBhc2i0w=="
    },
    "core-util-is": {
      "version": "1.0.2",
      "resolved": "https://registry.npmjs.org/core-util-is/-/core-util-is-1.0.2.tgz",
      "integrity": "sha1-tf1UIgqivFq1eqtxQMlAdUUDwac="
    },
    "events": {
      "version": "1.1.1",
      "resolved": "https://registry.npmjs.org/events/-/events-1.1.1.tgz",
      "integrity": "sha1-nr23Y1rQmccNzEwqH1AEKI6L2SQ="
    },
    "file-uri-to-path": {
      "version": "1.0.0",
      "resolved": "https://registry.npmjs.org/file-uri-to-path/-/file-uri-to-path-1.0.0.tgz",
      "integrity": "sha512-0Zt+s3L7Vf1biwWZ29aARiVYLx7iMGnEUl9x33fbB/j3jR81u/O2LbqK+Bm1CDSNDKVtJ/YjwY7TUd5SkeLQLw=="
    },
    "ieee754": {
      "version": "1.1.13",
      "resolved": "https://registry.npmjs.org/ieee754/-/ieee754-1.1.13.tgz",
      "integrity": "sha512-4vf7I2LYV/HaWerSo3XmlMkp5eZ83i+/CDluXi/IGTs/O1sejBNhTtnxzmRZfvOUqj7lZjqHkeTvpgSFDlWZTg=="
    },
    "inherits": {
      "version": "2.0.4",
      "resolved": "https://registry.npmjs.org/inherits/-/inherits-2.0.4.tgz",
      "integrity": "sha512-k/vGaX4/Yla3WzyMCvTQOXYeIHvqOKtnqBduzTHpzpQZzAskKMhZ2K+EnBiSM9zGSoIFeMpXKxa4dYeZIQqewQ=="
    },
    "isarray": {
      "version": "1.0.0",
      "resolved": "https://registry.npmjs.org/isarray/-/isarray-1.0.0.tgz",
      "integrity": "sha1-u5NdSFgsuhaMBoNJV6VKPgcSTxE="
    },
    "jmespath": {
      "version": "0.15.0",
      "resolved": "https://registry.npmjs.org/jmespath/-/jmespath-0.15.0.tgz",
      "integrity": "sha1-o/Iiqarp+Wb10nx5ZRDigJF2Qhc="
    },
    "libpq": {
      "version": "1.8.9",
      "resolved": "https://registry.npmjs.org/libpq/-/libpq-1.8.9.tgz",
      "integrity": "sha512-herU0STiW3+/XBoYRycKKf49O9hBKK0JbdC2QmvdC5pyCSu8prb9idpn5bUSbxj8XwcEsWPWWWwTDZE9ZTwJ7g==",
      "requires": {
        "bindings": "1.5.0",
        "nan": "^2.14.0"
      }
    },
    "nan": {
      "version": "2.14.2",
      "resolved": "https://registry.npmjs.org/nan/-/nan-2.14.2.tgz",
      "integrity": "sha512-M2ufzIiINKCuDfBSAUr1vWQ+vuVcA9kqx8JJUsbQi6yf1uGRyb7HfpdfUr5qLXf3B/t8dPvcjhKMmlfnP47EzQ=="
    },
    "packet-reader": {
      "version": "1.0.0",
      "resolved": "https://registry.npmjs.org/packet-reader/-/packet-reader-1.0.0.tgz",
      "integrity": "sha512-HAKu/fG3HpHFO0AA8WE8q2g+gBJaZ9MG7fcKk+IJPLTGAD6Psw4443l+9DGRbOIh3/aXr7Phy0TjilYivJo5XQ=="
    },
    "pg": {
      "version": "8.5.1",
      "resolved": "https://registry.npmjs.org/pg/-/pg-8.5.1.tgz",
      "integrity": "sha512-9wm3yX9lCfjvA98ybCyw2pADUivyNWT/yIP4ZcDVpMN0og70BUWYEGXPCTAQdGTAqnytfRADb7NERrY1qxhIqw==",
      "requires": {
        "buffer-writer": "2.0.0",
        "packet-reader": "1.0.0",
        "pg-connection-string": "^2.4.0",
        "pg-pool": "^3.2.2",
        "pg-protocol": "^1.4.0",
        "pg-types": "^2.1.0",
        "pgpass": "1.x"
      },
      "dependencies": {
        "pg-types": {
          "version": "2.2.0",
          "resolved": "https://registry.npmjs.org/pg-types/-/pg-types-2.2.0.tgz",
          "integrity": "sha512-qTAAlrEsl8s4OiEQY69wDvcMIdQN6wdz5ojQiOy6YRMuynxenON0O5oCpJI6lshc6scgAY8qvJ2On/p+CXY0GA==",
          "requires": {
            "pg-int8": "1.0.1",
            "postgres-array": "~2.0.0",
            "postgres-bytea": "~1.0.0",
            "postgres-date": "~1.0.4",
            "postgres-interval": "^1.1.0"
          }
        },
        "postgres-array": {
          "version": "2.0.0",
          "resolved": "https://registry.npmjs.org/postgres-array/-/postgres-array-2.0.0.tgz",
          "integrity": "sha512-VpZrUqU5A69eQyW2c5CA1jtLecCsN2U/bD6VilrFDWq5+5UIEVO7nazS3TEcHf1zuPYO/sqGvUvW62g86RXZuA=="
        }
      }
    },
    "pg-connection-string": {
      "version": "2.4.0",
      "resolved": "https://registry.npmjs.org/pg-connection-string/-/pg-connection-string-2.4.0.tgz",
      "integrity": "sha512-3iBXuv7XKvxeMrIgym7njT+HlZkwZqqGX4Bu9cci8xHZNT+Um1gWKqCsAzcC0d95rcKMU5WBg6YRUcHyV0HZKQ=="
    },
    "pg-cursor": {
      "version": "2.5.2",
      "resolved": "https://registry.npmjs.org/pg-cursor/-/pg-cursor-2.5.2.tgz",
      "integrity": "sha512-yS0lxXA5WoIVK7BUgJr1uOJDJe5JxVezItTLvqnTXj6bF3di4UtQOrPx8RW3GpFmom2NTQfpEc2N6vvdpopQSw=="
    },
    "pg-int8": {
      "version": "1.0.1",
      "resolved": "https://registry.npmjs.org/pg-int8/-/pg-int8-1.0.1.tgz",
      "integrity": "sha512-WCtabS6t3c8SkpDBUlb1kjOs7l66xsGdKpIPZsg4wR+B3+u9UAum2odSsF9tnvxg80h4ZxLWMy4pRjOsFIqQpw=="
    },
    "pg-minify": {
      "version": "1.6.2",
      "resolved": "https://registry.npmjs.org/pg-minify/-/pg-minify-1.6.2.tgz",
      "integrity": "sha512-1KdmFGGTP6jplJoI8MfvRlfvMiyBivMRP7/ffh4a11RUFJ7kC2J0ZHlipoKiH/1hz+DVgceon9U2qbaHpPeyPg=="
    },
    "pg-native": {
      "version": "3.0.0",
      "resolved": "https://registry.npmjs.org/pg-native/-/pg-native-3.0.0.tgz",
      "integrity": "sha512-qZZyywXJ8O4lbiIN7mn6vXIow1fd3QZFqzRe+uET/SZIXvCa3HBooXQA4ZU8EQX8Ae6SmaYtDGLp5DwU+8vrfg==",
      "requires": {
        "libpq": "^1.7.0",
        "pg-types": "^1.12.1",
        "readable-stream": "1.0.31"
      }
    },
    "pg-pool": {
      "version": "3.2.2",
      "resolved": "https://registry.npmjs.org/pg-pool/-/pg-pool-3.2.2.tgz",
      "integrity": "sha512-ORJoFxAlmmros8igi608iVEbQNNZlp89diFVx6yV5v+ehmpMY9sK6QgpmgoXbmkNaBAx8cOOZh9g80kJv1ooyA=="
    },
    "pg-promise": {
      "version": "10.8.6",
      "resolved": "https://registry.npmjs.org/pg-promise/-/pg-promise-10.8.6.tgz",
      "integrity": "sha512-7Fiu4jBpRtbwsXtzfwwkVmEcde2yn1aSpIBnYLr2PRNHLwPxW9yyNN1ziBGJQ9nQ+IG67Wt1FF4KQNSFsg3i2g==",
      "requires": {
        "assert-options": "0.7.0",
        "pg": "8.5.1",
        "pg-minify": "1.6.2",
        "spex": "3.2.0"
      }
    },
    "pg-protocol": {
      "version": "1.4.0",
      "resolved": "https://registry.npmjs.org/pg-protocol/-/pg-protocol-1.4.0.tgz",
      "integrity": "sha512-El+aXWcwG/8wuFICMQjM5ZSAm6OWiJicFdNYo+VY3QP+8vI4SvLIWVe51PppTzMhikUJR+PsyIFKqfdXPz/yxA=="
    },
    "pg-query-stream": {
      "version": "4.0.0",
      "resolved": "https://registry.npmjs.org/pg-query-stream/-/pg-query-stream-4.0.0.tgz",
      "integrity": "sha512-Jftit2EUBn+ilh4JtAgw0JXKR54vATmYHlZ4fmIlbZgL1qT/GKUuwMzLFT8QQm+qJHZwlRIIfkMUOP7soY38ag==",
      "requires": {
        "pg-cursor": "^2.5.2"
      }
    },
    "pg-types": {
      "version": "1.13.0",
      "resolved": "https://registry.npmjs.org/pg-types/-/pg-types-1.13.0.tgz",
      "integrity": "sha512-lfKli0Gkl/+za/+b6lzENajczwZHc7D5kiUCZfgm914jipD2kIOIvEkAhZ8GrW3/TUoP9w8FHjwpPObBye5KQQ==",
      "requires": {
        "pg-int8": "1.0.1",
        "postgres-array": "~1.0.0",
        "postgres-bytea": "~1.0.0",
        "postgres-date": "~1.0.0",
        "postgres-interval": "^1.1.0"
      }
    },
    "pgpass": {
      "version": "1.0.4",
      "resolved": "https://registry.npmjs.org/pgpass/-/pgpass-1.0.4.tgz",
      "integrity": "sha512-YmuA56alyBq7M59vxVBfPJrGSozru8QAdoNlWuW3cz8l+UX3cWge0vTvjKhsSHSJpo3Bom8/Mm6hf0TR5GY0+w==",
      "requires": {
        "split2": "^3.1.1"
      }
    },
    "postgres-array": {
      "version": "1.0.3",
      "resolved": "https://registry.npmjs.org/postgres-array/-/postgres-array-1.0.3.tgz",
      "integrity": "sha512-5wClXrAP0+78mcsNX3/ithQ5exKvCyK5lr5NEEEeGwwM6NJdQgzIJBVxLvRW+huFpX92F2QnZ5CcokH0VhK2qQ=="
    },
    "postgres-bytea": {
      "version": "1.0.0",
      "resolved": "https://registry.npmjs.org/postgres-bytea/-/postgres-bytea-1.0.0.tgz",
      "integrity": "sha1-AntTPAqokOJtFy1Hz5zOzFIazTU="
    },
    "postgres-date": {
      "version": "1.0.7",
      "resolved": "https://registry.npmjs.org/postgres-date/-/postgres-date-1.0.7.tgz",
      "integrity": "sha512-suDmjLVQg78nMK2UZ454hAG+OAW+HQPZ6n++TNDUX+L0+uUlLywnoxJKDou51Zm+zTCjrCl0Nq6J9C5hP9vK/Q=="
    },
    "postgres-interval": {
      "version": "1.2.0",
      "resolved": "https://registry.npmjs.org/postgres-interval/-/postgres-interval-1.2.0.tgz",
      "integrity": "sha512-9ZhXKM/rw350N1ovuWHbGxnGh/SNJ4cnxHiM0rxE4VN41wsg8P8zWn9hv/buK00RP4WvlOyr/RBDiptyxVbkZQ==",
      "requires": {
        "xtend": "^4.0.0"
      }
    },
    "punycode": {
      "version": "1.3.2",
      "resolved": "https://registry.npmjs.org/punycode/-/punycode-1.3.2.tgz",
      "integrity": "sha1-llOgNvt8HuQjQvIyXM7v6jkmxI0="
    },
    "querystring": {
      "version": "0.2.0",
      "resolved": "https://registry.npmjs.org/querystring/-/querystring-0.2.0.tgz",
      "integrity": "sha1-sgmEkgO7Jd+CDadW50cAWHhSFiA="
    },
    "readable-stream": {
      "version": "1.0.31",
      "resolved": "https://registry.npmjs.org/readable-stream/-/readable-stream-1.0.31.tgz",
      "integrity": "sha1-jyUC4LyeOw2huUUgqrtOJgPsr64=",
      "requires": {
        "core-util-is": "~1.0.0",
        "inherits": "~2.0.1",
        "isarray": "0.0.1",
        "string_decoder": "~0.10.x"
      },
      "dependencies": {
        "isarray": {
          "version": "0.0.1",
          "resolved": "https://registry.npmjs.org/isarray/-/isarray-0.0.1.tgz",
          "integrity": "sha1-ihis/Kmo9Bd+Cav8YDiTmwXR7t8="
        }
      }
    },
    "safe-buffer": {
      "version": "5.2.1",
      "resolved": "https://registry.npmjs.org/safe-buffer/-/safe-buffer-5.2.1.tgz",
      "integrity": "sha512-rp3So07KcdmmKbGvgaNxQSJr7bGVSVk5S9Eq1F+ppbRo70+YeaDxkw5Dd8NPN+GD6bjnYm2VuPuCXmpuYvmCXQ=="
    },
    "sax": {
      "version": "1.2.1",
      "resolved": "https://registry.npmjs.org/sax/-/sax-1.2.1.tgz",
      "integrity": "sha1-e45lYZCyKOgaZq6nSEgNgozS03o="
    },
    "spex": {
      "version": "3.2.0",
      "resolved": "https://registry.npmjs.org/spex/-/spex-3.2.0.tgz",
      "integrity": "sha512-9srjJM7NaymrpwMHvSmpDeIK5GoRMX/Tq0E8aOlDPS54dDnDUIp30DrP9SphMPEETDLzEM9+4qo+KipmbtPecg=="
    },
    "split2": {
      "version": "3.2.2",
      "resolved": "https://registry.npmjs.org/split2/-/split2-3.2.2.tgz",
      "integrity": "sha512-9NThjpgZnifTkJpzTZ7Eue85S49QwpNhZTq6GRJwObb6jnLFNGB7Qm73V5HewTROPyxD0C29xqmaI68bQtV+hg==",
      "requires": {
        "readable-stream": "^3.0.0"
      },
      "dependencies": {
        "readable-stream": {
          "version": "3.6.0",
          "resolved": "https://registry.npmjs.org/readable-stream/-/readable-stream-3.6.0.tgz",
          "integrity": "sha512-BViHy7LKeTz4oNnkcLJ+lVSL6vpiFeX6/d3oSH8zCW7UxP2onchk+vTGB143xuFjHS3deTgkKoXXymXqymiIdA==",
          "requires": {
            "inherits": "^2.0.3",
            "string_decoder": "^1.1.1",
            "util-deprecate": "^1.0.1"
          }
        },
        "string_decoder": {
          "version": "1.3.0",
          "resolved": "https://registry.npmjs.org/string_decoder/-/string_decoder-1.3.0.tgz",
          "integrity": "sha512-hkRX8U1WjJFd8LsDJ2yQ/wWWxaopEsABU1XfkM8A+j0+85JAGppt16cr1Whg6KIbb4okU6Mql6BOj+uup/wKeA==",
          "requires": {
            "safe-buffer": "~5.2.0"
          }
        }
      }
    },
    "string_decoder": {
      "version": "0.10.31",
      "resolved": "https://registry.npmjs.org/string_decoder/-/string_decoder-0.10.31.tgz",
      "integrity": "sha1-YuIDvEF2bGwoyfyEMB2rHFMQ+pQ="
    },
    "typescript": {
      "version": "4.1.3",
      "resolved": "https://registry.npmjs.org/typescript/-/typescript-4.1.3.tgz",
      "integrity": "sha512-B3ZIOf1IKeH2ixgHhj6la6xdwR9QrLC5d1VKeCSY4tvkqhF2eqd9O7txNlS0PO3GrBAFIdr3L1ndNwteUbZLYg==",
      "dev": true
    },
    "url": {
      "version": "0.10.3",
      "resolved": "https://registry.npmjs.org/url/-/url-0.10.3.tgz",
      "integrity": "sha1-Ah5NnHcF8hu/N9A861h2dAJ3TGQ=",
      "requires": {
        "punycode": "1.3.2",
        "querystring": "0.2.0"
      }
    },
    "util-deprecate": {
      "version": "1.0.2",
      "resolved": "https://registry.npmjs.org/util-deprecate/-/util-deprecate-1.0.2.tgz",
      "integrity": "sha1-RQ1Nyfpw3nMnYvvS1KKJgUGaDM8="
    },
    "uuid": {
      "version": "3.3.2",
      "resolved": "https://registry.npmjs.org/uuid/-/uuid-3.3.2.tgz",
      "integrity": "sha512-yXJmeNaw3DnnKAOKJE51sL/ZaYfWJRl1pK9dr19YFCu0ObS231AB1/LbqTKRAQ5kw8A90rA6fr4riOUpTZvQZA=="
    },
    "xml2js": {
      "version": "0.4.19",
      "resolved": "https://registry.npmjs.org/xml2js/-/xml2js-0.4.19.tgz",
      "integrity": "sha512-esZnJZJOiJR9wWKMyuvSE1y6Dq5LCuJanqhxslH2bxM6duahNZ+HMpCLhBQGZkbX6xRf8x1Y2eJlgt2q3qo49Q==",
      "requires": {
        "sax": ">=0.6.0",
        "xmlbuilder": "~9.0.1"
      }
    },
    "xmlbuilder": {
      "version": "9.0.7",
      "resolved": "https://registry.npmjs.org/xmlbuilder/-/xmlbuilder-9.0.7.tgz",
      "integrity": "sha1-Ey7mPS7FVlxVfiD0wi35rKaGsQ0="
    },
    "xtend": {
      "version": "4.0.2",
      "resolved": "https://registry.npmjs.org/xtend/-/xtend-4.0.2.tgz",
      "integrity": "sha512-LKYU1iAXJXUgAXn9URjiu+MWhyUXHsvfp7mcuYm9dSUKK0/CjtrUwFAxD82/mCWbtLsGjFIad0wIsod4zrTAEQ=="
    }
  }
}
