{
  "name": "digitraffic-cdk-api",
  "version": "1.0.0",
  "lockfileVersion": 1,
  "requires": true,
  "dependencies": {
    "@aws-cdk/assets": {
      "version": "1.32.2",
      "resolved": "https://registry.npmjs.org/@aws-cdk/assets/-/assets-1.32.2.tgz",
      "integrity": "sha512-GOAGU2yHpXfBkzDRGZbVKoT717Huvhczmqj0KCkM83Sh4mCf43cdIMennMU1kGsvZAOS7QC1O/Xps+1KHqerkg==",
      "requires": {
        "@aws-cdk/core": "1.32.2",
        "@aws-cdk/cx-api": "1.32.2",
        "constructs": "^2.0.0",
        "minimatch": "^3.0.4"
      },
      "dependencies": {
        "balanced-match": {
          "version": "1.0.0",
          "bundled": true
        },
        "brace-expansion": {
          "version": "1.1.11",
          "bundled": true,
          "requires": {
            "balanced-match": "^1.0.0",
            "concat-map": "0.0.1"
          }
        },
        "concat-map": {
          "version": "0.0.1",
          "bundled": true
        },
        "minimatch": {
          "version": "3.0.4",
          "bundled": true,
          "requires": {
            "brace-expansion": "^1.1.7"
          }
        }
      }
    },
    "@aws-cdk/aws-apigateway": {
      "version": "1.32.2",
      "resolved": "https://registry.npmjs.org/@aws-cdk/aws-apigateway/-/aws-apigateway-1.32.2.tgz",
      "integrity": "sha512-edtDTvdvleMHtN9jpot+rwHDKfmH+tCIGFGLmbECyfcXVxPkvKOzW08V3lwl5PcrxS5BaAqPSNYn7+tONOoYew==",
      "requires": {
        "@aws-cdk/aws-certificatemanager": "1.32.2",
        "@aws-cdk/aws-ec2": "1.32.2",
        "@aws-cdk/aws-elasticloadbalancingv2": "1.32.2",
        "@aws-cdk/aws-iam": "1.32.2",
        "@aws-cdk/aws-lambda": "1.32.2",
        "@aws-cdk/aws-logs": "1.32.2",
        "@aws-cdk/core": "1.32.2",
        "constructs": "^2.0.0"
      }
    },
    "@aws-cdk/aws-certificatemanager": {
      "version": "1.32.2",
      "resolved": "https://registry.npmjs.org/@aws-cdk/aws-certificatemanager/-/aws-certificatemanager-1.32.2.tgz",
      "integrity": "sha512-vGa6zqr6+8/zzlVAsz5biY1NxLznCivYZnVj09BCtaqmXPgWkNcIGxnyEZnNLoLPSdDD6JwdQZU6tHARg+Wo1w==",
      "requires": {
        "@aws-cdk/aws-cloudformation": "1.32.2",
        "@aws-cdk/aws-iam": "1.32.2",
        "@aws-cdk/aws-lambda": "1.32.2",
        "@aws-cdk/aws-route53": "1.32.2",
        "@aws-cdk/core": "1.32.2",
        "constructs": "^2.0.0"
      }
    },
    "@aws-cdk/aws-cloudformation": {
      "version": "1.32.2",
      "resolved": "https://registry.npmjs.org/@aws-cdk/aws-cloudformation/-/aws-cloudformation-1.32.2.tgz",
      "integrity": "sha512-3f6c16/0meFdD1LNIvLcQd/I1qnzogVSRa+aqAHDG8gi9pwVS/Y/IDquifa4ox+3wMjKRIDBd6C9+xUhvaUAgw==",
      "requires": {
        "@aws-cdk/aws-iam": "1.32.2",
        "@aws-cdk/aws-lambda": "1.32.2",
        "@aws-cdk/aws-s3": "1.32.2",
        "@aws-cdk/aws-sns": "1.32.2",
        "@aws-cdk/core": "1.32.2",
        "@aws-cdk/cx-api": "1.32.2",
        "constructs": "^2.0.0"
      }
    },
    "@aws-cdk/aws-cloudwatch": {
      "version": "1.32.2",
      "resolved": "https://registry.npmjs.org/@aws-cdk/aws-cloudwatch/-/aws-cloudwatch-1.32.2.tgz",
      "integrity": "sha512-QbrkIKqs6hn5SnFFdVzZTx09Esr3Kd7md/Nrkq96vfp8UVW0d+6sTUZdeXppF+qvu8WOGradZWOKUd6RwPfyyg==",
      "requires": {
        "@aws-cdk/aws-iam": "1.32.2",
        "@aws-cdk/core": "1.32.2",
        "constructs": "^2.0.0"
      }
    },
    "@aws-cdk/aws-ec2": {
      "version": "1.32.2",
      "resolved": "https://registry.npmjs.org/@aws-cdk/aws-ec2/-/aws-ec2-1.32.2.tgz",
      "integrity": "sha512-hYEWRYsXH+6QBx6OZH3wvUTKYeu9qnVdOsi1v4JHyfhGLeAvQIhSGTq9G2HtEyRs68svlJivAbDoYexaI3mFHg==",
      "requires": {
        "@aws-cdk/aws-cloudwatch": "1.32.2",
        "@aws-cdk/aws-iam": "1.32.2",
        "@aws-cdk/aws-logs": "1.32.2",
        "@aws-cdk/aws-s3": "1.32.2",
        "@aws-cdk/aws-ssm": "1.32.2",
        "@aws-cdk/core": "1.32.2",
        "@aws-cdk/cx-api": "1.32.2",
        "constructs": "^2.0.0"
      }
    },
    "@aws-cdk/aws-elasticloadbalancingv2": {
      "version": "1.32.2",
      "resolved": "https://registry.npmjs.org/@aws-cdk/aws-elasticloadbalancingv2/-/aws-elasticloadbalancingv2-1.32.2.tgz",
      "integrity": "sha512-hyntuMSOETzLS/FU3TcLu5X3HQzlFJuzD22BBa3wo6I7BHysyzgUCiVIGZI8ylOtJnW1sJUXMPo1fHCW3fVrWA==",
      "requires": {
        "@aws-cdk/aws-certificatemanager": "1.32.2",
        "@aws-cdk/aws-cloudwatch": "1.32.2",
        "@aws-cdk/aws-ec2": "1.32.2",
        "@aws-cdk/aws-iam": "1.32.2",
        "@aws-cdk/aws-lambda": "1.32.2",
        "@aws-cdk/aws-s3": "1.32.2",
        "@aws-cdk/core": "1.32.2",
        "constructs": "^2.0.0"
      }
    },
    "@aws-cdk/aws-events": {
      "version": "1.32.2",
      "resolved": "https://registry.npmjs.org/@aws-cdk/aws-events/-/aws-events-1.32.2.tgz",
      "integrity": "sha512-HmgngkQVE8ePAfy62dMb6bFzLT2XywrNb7JkcOk/u8VOCdWxMX10fk3YjMoNBknYdMaPolvDFPFURkWCsoMOSw==",
      "requires": {
        "@aws-cdk/aws-iam": "1.32.2",
        "@aws-cdk/core": "1.32.2",
        "constructs": "^2.0.0"
      }
    },
    "@aws-cdk/aws-iam": {
      "version": "1.32.2",
      "resolved": "https://registry.npmjs.org/@aws-cdk/aws-iam/-/aws-iam-1.32.2.tgz",
      "integrity": "sha512-fRFQCUBH7L3xUfzFExB2UCfv8bc5yxUbWh9oOqy3uawSP9g6eqgZZutCUp2qkCFfuJFe/gbFIWacpqvM9rQ7Sg==",
      "requires": {
        "@aws-cdk/core": "1.32.2",
        "@aws-cdk/region-info": "1.32.2",
        "constructs": "^2.0.0"
      }
    },
    "@aws-cdk/aws-kms": {
      "version": "1.32.2",
      "resolved": "https://registry.npmjs.org/@aws-cdk/aws-kms/-/aws-kms-1.32.2.tgz",
      "integrity": "sha512-yjINmHXSd5r/XpqGuW0W5memx/LFMb4gKASDSbQPP4KZsP3xlJBQ1+t+ONeVe5iCJpAnh8uTCRNxgZ6CpopOrQ==",
      "requires": {
        "@aws-cdk/aws-iam": "1.32.2",
        "@aws-cdk/core": "1.32.2",
        "constructs": "^2.0.0"
      }
    },
    "@aws-cdk/aws-lambda": {
      "version": "1.32.2",
      "resolved": "https://registry.npmjs.org/@aws-cdk/aws-lambda/-/aws-lambda-1.32.2.tgz",
      "integrity": "sha512-CXHhpYySI6osPQH05Pr4NbkI9zYjtBQSOC+P9jCbp29mRDw2H7hyMgAjKpfrdnjXfUB5uR9dObrxxTIHG3Nwkw==",
      "requires": {
        "@aws-cdk/aws-cloudwatch": "1.32.2",
        "@aws-cdk/aws-ec2": "1.32.2",
        "@aws-cdk/aws-events": "1.32.2",
        "@aws-cdk/aws-iam": "1.32.2",
        "@aws-cdk/aws-logs": "1.32.2",
        "@aws-cdk/aws-s3": "1.32.2",
        "@aws-cdk/aws-s3-assets": "1.32.2",
        "@aws-cdk/aws-sqs": "1.32.2",
        "@aws-cdk/core": "1.32.2",
        "@aws-cdk/cx-api": "1.32.2",
        "constructs": "^2.0.0"
      }
    },
    "@aws-cdk/aws-logs": {
      "version": "1.32.2",
      "resolved": "https://registry.npmjs.org/@aws-cdk/aws-logs/-/aws-logs-1.32.2.tgz",
      "integrity": "sha512-wgR/OUraOumK9DCktO0w3+8W1pLm/9nwuYurigzahQTBZ35ueJfy7xUJ1yybjE5pGEV60IC+ps82hKCRK67obw==",
      "requires": {
        "@aws-cdk/aws-cloudwatch": "1.32.2",
        "@aws-cdk/aws-iam": "1.32.2",
        "@aws-cdk/core": "1.32.2",
        "constructs": "^2.0.0"
      }
    },
    "@aws-cdk/aws-route53": {
      "version": "1.32.2",
      "resolved": "https://registry.npmjs.org/@aws-cdk/aws-route53/-/aws-route53-1.32.2.tgz",
      "integrity": "sha512-veMCXXm/aFtntxe65WZB7LZpGWY/CBy64k9Ml+4MysSKqp9znO8vBiYQgjOc6sfsb1KC+5VJJs49EZXetoOsaQ==",
      "requires": {
        "@aws-cdk/aws-ec2": "1.32.2",
        "@aws-cdk/aws-logs": "1.32.2",
        "@aws-cdk/core": "1.32.2",
        "@aws-cdk/cx-api": "1.32.2",
        "constructs": "^2.0.0"
      }
    },
    "@aws-cdk/aws-s3": {
      "version": "1.32.2",
      "resolved": "https://registry.npmjs.org/@aws-cdk/aws-s3/-/aws-s3-1.32.2.tgz",
      "integrity": "sha512-11Jxbo7e1V9HkGzJB2mr+VPUyf98D7rFKK4hGaXMicXQE4o1OLuTvGdU4Zw/EmlmGQf5PtCLHBhzy9au+Bnekw==",
      "requires": {
        "@aws-cdk/aws-events": "1.32.2",
        "@aws-cdk/aws-iam": "1.32.2",
        "@aws-cdk/aws-kms": "1.32.2",
        "@aws-cdk/core": "1.32.2",
        "constructs": "^2.0.0"
      }
    },
    "@aws-cdk/aws-s3-assets": {
      "version": "1.32.2",
      "resolved": "https://registry.npmjs.org/@aws-cdk/aws-s3-assets/-/aws-s3-assets-1.32.2.tgz",
      "integrity": "sha512-Tm+957UkyxJAznvSTbOR7aZ1kcukXLm8Ya/jvaz/rX39j4B57sPA+OwGyiSRSVJ9E7JvfGRyht9nVf2JW9o8Ng==",
      "requires": {
        "@aws-cdk/assets": "1.32.2",
        "@aws-cdk/aws-iam": "1.32.2",
        "@aws-cdk/aws-s3": "1.32.2",
        "@aws-cdk/core": "1.32.2",
        "@aws-cdk/cx-api": "1.32.2",
        "constructs": "^2.0.0"
      }
    },
    "@aws-cdk/aws-sns": {
      "version": "1.32.2",
      "resolved": "https://registry.npmjs.org/@aws-cdk/aws-sns/-/aws-sns-1.32.2.tgz",
      "integrity": "sha512-gGDIMwxjjf/2HltOJa8j2nGm/9Ck6bVddsm/a212abkxqXtPccNoZFyINFsONn+XA4jf+ikIfiT5SEgV4myGPA==",
      "requires": {
        "@aws-cdk/aws-cloudwatch": "1.32.2",
        "@aws-cdk/aws-events": "1.32.2",
        "@aws-cdk/aws-iam": "1.32.2",
        "@aws-cdk/aws-kms": "1.32.2",
        "@aws-cdk/core": "1.32.2",
        "constructs": "^2.0.0"
      }
    },
    "@aws-cdk/aws-sqs": {
      "version": "1.32.2",
      "resolved": "https://registry.npmjs.org/@aws-cdk/aws-sqs/-/aws-sqs-1.32.2.tgz",
      "integrity": "sha512-W82cMHO5OsNrapB5gjF+Gw/mOQahug5BZWAJ0AZ0BFyPJr/p30zCjIkJpmC1Ep9WtZCkichC+TJxvt3YJSLRPQ==",
      "requires": {
        "@aws-cdk/aws-cloudwatch": "1.32.2",
        "@aws-cdk/aws-iam": "1.32.2",
        "@aws-cdk/aws-kms": "1.32.2",
        "@aws-cdk/core": "1.32.2",
        "constructs": "^2.0.0"
      }
    },
    "@aws-cdk/aws-ssm": {
      "version": "1.32.2",
      "resolved": "https://registry.npmjs.org/@aws-cdk/aws-ssm/-/aws-ssm-1.32.2.tgz",
      "integrity": "sha512-sW68/G9NYf3+DsTDDGdT6pKMsujeH0Th8DFMFPl1BCD9wB5EVoS9dNUzKRzuNVHlwgtuSObI3XeWDza6UMy1wQ==",
      "requires": {
        "@aws-cdk/aws-iam": "1.32.2",
        "@aws-cdk/aws-kms": "1.32.2",
        "@aws-cdk/core": "1.32.2",
        "@aws-cdk/cx-api": "1.32.2",
        "constructs": "^2.0.0"
      }
    },
    "@aws-cdk/core": {
      "version": "1.32.2",
      "resolved": "https://registry.npmjs.org/@aws-cdk/core/-/core-1.32.2.tgz",
      "integrity": "sha512-gO+LpoGvToUwOGUhEsUAFAuRMjFhQvpbsurzJCEYFs/Je0vHX+b63iC4fkf74aZVHemKkDKY+xdzEAwIvIJB6Q==",
      "requires": {
        "@aws-cdk/cx-api": "1.32.2",
        "constructs": "^2.0.0"
      }
    },
    "@aws-cdk/cx-api": {
      "version": "1.32.2",
      "resolved": "https://registry.npmjs.org/@aws-cdk/cx-api/-/cx-api-1.32.2.tgz",
      "integrity": "sha512-+QRa35r/54TTwegy8sLZLIwo1kAlQfYQtJ8KvlpapK7jvwJpbdQYjbPR/n0dYVmlTNb/R5Wb9+ulr5EYfJlXUw==",
      "requires": {
        "semver": "^7.2.1"
      },
      "dependencies": {
        "semver": {
          "version": "7.2.1",
          "bundled": true
        }
      }
    },
    "@aws-cdk/region-info": {
      "version": "1.32.2",
      "resolved": "https://registry.npmjs.org/@aws-cdk/region-info/-/region-info-1.32.2.tgz",
      "integrity": "sha512-ssXm6oWpghBWQPOVHf7TZqjcYiLMqc6K7pNGbZYn/Lm7d1HMtAFoOZAsREoVluACWYRPrG/lT17zZzb5ArKObg=="
    },
    "@types/geojson": {
      "version": "7946.0.7",
      "resolved": "https://registry.npmjs.org/@types/geojson/-/geojson-7946.0.7.tgz",
      "integrity": "sha512-wE2v81i4C4Ol09RtsWFAqg3BUitWbHSpSlIo+bNdsCJijO9sjme+zm+73ZMCa/qMC8UEERxzGbvmr1cffo2SiQ=="
    },
    "constructs": {
      "version": "2.0.1",
      "resolved": "https://registry.npmjs.org/constructs/-/constructs-2.0.1.tgz",
      "integrity": "sha512-edR85YFGI9TBT9byAo5vAfI0PRi+jFGzinwN3RAJwKfv6Yc9x9kALYfoEmgotp95qT7/k/iUQWHrH9BMJeqpdg=="
    },
    "typescript": {
      "version": "3.8.3",
      "resolved": "https://registry.npmjs.org/typescript/-/typescript-3.8.3.tgz",
      "integrity": "sha512-MYlEfn5VrLNsgudQTVJeNaQFUAI7DkhnOjdpAp4T+ku1TfQClewlbSuTVHiA+8skNBgaf02TL/kLOvig4y3G8w==",
      "dev": true
    }
  }
}
