{
  "name": "digitraffic-cdk-api",
  "version": "1.0.0",
  "lockfileVersion": 1,
  "requires": true,
  "dependencies": {
    "@aws-cdk/assets": {
      "version": "1.31.0",
      "resolved": "https://registry.npmjs.org/@aws-cdk/assets/-/assets-1.31.0.tgz",
      "integrity": "sha512-sp/ix+5tQkEjicGlsBtpAzfTHr9ltjgd9NQvk+Vv/NPoyu7kPNsVVZ/gMOZgxuPAfBWYMhCRPKS3x0dV9/LJRA==",
      "requires": {
        "@aws-cdk/core": "1.31.0",
        "@aws-cdk/cx-api": "1.31.0",
        "constructs": "^2.0.0",
        "minimatch": "^3.0.4"
      },
      "dependencies": {
        "balanced-match": {
          "version": "1.0.0",
          "bundled": true
        },
        "brace-expansion": {
          "version": "1.1.11",
          "bundled": true,
          "requires": {
            "balanced-match": "^1.0.0",
            "concat-map": "0.0.1"
          }
        },
        "concat-map": {
          "version": "0.0.1",
          "bundled": true
        },
        "minimatch": {
          "version": "3.0.4",
          "bundled": true,
          "requires": {
            "brace-expansion": "^1.1.7"
          }
        }
      }
    },
    "@aws-cdk/aws-apigateway": {
      "version": "1.31.0",
      "resolved": "https://registry.npmjs.org/@aws-cdk/aws-apigateway/-/aws-apigateway-1.31.0.tgz",
      "integrity": "sha512-mZcir5rQlmaEY5Kcppnl28NBmhwO98XD6GKBWmqNQP0uSmflrxOI99DZyoDK+Zie3yJxGUTSqbs7aZAK6+XDKA==",
      "requires": {
        "@aws-cdk/aws-certificatemanager": "1.31.0",
        "@aws-cdk/aws-ec2": "1.31.0",
        "@aws-cdk/aws-elasticloadbalancingv2": "1.31.0",
        "@aws-cdk/aws-iam": "1.31.0",
        "@aws-cdk/aws-lambda": "1.31.0",
        "@aws-cdk/core": "1.31.0",
        "constructs": "^2.0.0"
      }
    },
    "@aws-cdk/aws-certificatemanager": {
      "version": "1.31.0",
      "resolved": "https://registry.npmjs.org/@aws-cdk/aws-certificatemanager/-/aws-certificatemanager-1.31.0.tgz",
      "integrity": "sha512-/9M1rP51ULZJG0kGOGdj9NTmV34BE+gE0aLodMS9o+LYZIXqO09lQ5UZuBsWno/MZInOVEQ2BtvB3Mq+e2cltQ==",
      "requires": {
        "@aws-cdk/aws-cloudformation": "1.31.0",
        "@aws-cdk/aws-iam": "1.31.0",
        "@aws-cdk/aws-lambda": "1.31.0",
        "@aws-cdk/aws-route53": "1.31.0",
        "@aws-cdk/core": "1.31.0",
        "constructs": "^2.0.0"
      }
    },
    "@aws-cdk/aws-cloudformation": {
      "version": "1.31.0",
      "resolved": "https://registry.npmjs.org/@aws-cdk/aws-cloudformation/-/aws-cloudformation-1.31.0.tgz",
      "integrity": "sha512-jFoHL+JTlXJcuLlbOfaGpNyvyumDhDPVB6TSwY9EiSnuvuD+4/qH2NP+ihQ16Iz4XyQZ9SCZKe8C18xjVLIryg==",
      "requires": {
        "@aws-cdk/aws-iam": "1.31.0",
        "@aws-cdk/aws-lambda": "1.31.0",
        "@aws-cdk/aws-s3": "1.31.0",
        "@aws-cdk/aws-sns": "1.31.0",
        "@aws-cdk/core": "1.31.0",
        "@aws-cdk/cx-api": "1.31.0",
        "constructs": "^2.0.0"
      }
    },
    "@aws-cdk/aws-cloudwatch": {
      "version": "1.31.0",
      "resolved": "https://registry.npmjs.org/@aws-cdk/aws-cloudwatch/-/aws-cloudwatch-1.31.0.tgz",
      "integrity": "sha512-gnpfBd8jfvUPgHGxOGiDToIB0ZAUmsI6H7cY234OF+L+QT9LWCV1DBf74U1JNI/QtKyuM50ss0DWUy7Kcgk2Bw==",
      "requires": {
        "@aws-cdk/aws-iam": "1.31.0",
        "@aws-cdk/core": "1.31.0",
        "constructs": "^2.0.0"
      }
    },
    "@aws-cdk/aws-ec2": {
      "version": "1.31.0",
      "resolved": "https://registry.npmjs.org/@aws-cdk/aws-ec2/-/aws-ec2-1.31.0.tgz",
      "integrity": "sha512-KSepWoJiz0/9zmF5RPskUxgupJJ5fuaczHrAU2lisM7xqGV5h/k0Y7Dj/1VDt4Q4fhws7OuK4W15AtvSmpSlNA==",
      "requires": {
        "@aws-cdk/aws-cloudwatch": "1.31.0",
        "@aws-cdk/aws-iam": "1.31.0",
        "@aws-cdk/aws-logs": "1.31.0",
        "@aws-cdk/aws-s3": "1.31.0",
        "@aws-cdk/aws-ssm": "1.31.0",
        "@aws-cdk/core": "1.31.0",
        "@aws-cdk/cx-api": "1.31.0",
        "constructs": "^2.0.0"
      }
    },
    "@aws-cdk/aws-elasticloadbalancingv2": {
      "version": "1.31.0",
      "resolved": "https://registry.npmjs.org/@aws-cdk/aws-elasticloadbalancingv2/-/aws-elasticloadbalancingv2-1.31.0.tgz",
      "integrity": "sha512-Arld9blEl2ZTLj293FWaJvfpkaEKRBZBUp9ky7jGLJciY9JKYjTMwCNzGb+Eveuh8X7uhKL1A1OW2Kj+UEHNLg==",
      "requires": {
        "@aws-cdk/aws-certificatemanager": "1.31.0",
        "@aws-cdk/aws-cloudwatch": "1.31.0",
        "@aws-cdk/aws-ec2": "1.31.0",
        "@aws-cdk/aws-iam": "1.31.0",
        "@aws-cdk/aws-lambda": "1.31.0",
        "@aws-cdk/aws-s3": "1.31.0",
        "@aws-cdk/core": "1.31.0",
        "constructs": "^2.0.0"
      }
    },
    "@aws-cdk/aws-events": {
      "version": "1.31.0",
      "resolved": "https://registry.npmjs.org/@aws-cdk/aws-events/-/aws-events-1.31.0.tgz",
      "integrity": "sha512-FuBDtelg+KM13ssiHXHX6zLqAOlUO6ZWsmQpG6X9656gFLXT0boJ4PunNONNk2LEAfGOAl0IvpVNxJBkj3zOeA==",
      "requires": {
        "@aws-cdk/aws-iam": "1.31.0",
        "@aws-cdk/core": "1.31.0",
        "constructs": "^2.0.0"
      }
    },
    "@aws-cdk/aws-iam": {
      "version": "1.31.0",
      "resolved": "https://registry.npmjs.org/@aws-cdk/aws-iam/-/aws-iam-1.31.0.tgz",
      "integrity": "sha512-GPHEkTloJ0XiJQ2kHu4R/vx2OIEYmRvsszPp9XAQBgkq2rF8GxBIXT9bhS0TGDYZ6Tqb2lzIg+iR5K4r/2n4nw==",
      "requires": {
        "@aws-cdk/core": "1.31.0",
        "@aws-cdk/region-info": "1.31.0",
        "constructs": "^2.0.0"
      }
    },
    "@aws-cdk/aws-kms": {
      "version": "1.31.0",
      "resolved": "https://registry.npmjs.org/@aws-cdk/aws-kms/-/aws-kms-1.31.0.tgz",
      "integrity": "sha512-fULWXyxtKpnBn0PyytuPLABAwklDDTfjBmUb0Ado8bSIave0fN5cnilhXv6btIMWQPMx5H9Z/RFD4pq8SwBlXQ==",
      "requires": {
        "@aws-cdk/aws-iam": "1.31.0",
        "@aws-cdk/core": "1.31.0",
        "constructs": "^2.0.0"
      }
    },
    "@aws-cdk/aws-lambda": {
      "version": "1.31.0",
      "resolved": "https://registry.npmjs.org/@aws-cdk/aws-lambda/-/aws-lambda-1.31.0.tgz",
      "integrity": "sha512-OlnxB+IHH0VQNR2hzgZ5Vg277NTP4PJe18XjLsBorN/gujMtVWfXhOuB02+hGr4KOyJGTlCMiB14cZFBWd0pEA==",
      "requires": {
        "@aws-cdk/aws-cloudwatch": "1.31.0",
        "@aws-cdk/aws-ec2": "1.31.0",
        "@aws-cdk/aws-events": "1.31.0",
        "@aws-cdk/aws-iam": "1.31.0",
        "@aws-cdk/aws-logs": "1.31.0",
        "@aws-cdk/aws-s3": "1.31.0",
        "@aws-cdk/aws-s3-assets": "1.31.0",
        "@aws-cdk/aws-sqs": "1.31.0",
        "@aws-cdk/core": "1.31.0",
        "@aws-cdk/cx-api": "1.31.0",
        "constructs": "^2.0.0"
      }
    },
    "@aws-cdk/aws-logs": {
      "version": "1.31.0",
      "resolved": "https://registry.npmjs.org/@aws-cdk/aws-logs/-/aws-logs-1.31.0.tgz",
      "integrity": "sha512-efw9m5IUe01+GUs00pDLHgK+L7pWyn3wwNiZs+nm9l+Wm5lNLHWZdy/rx3z5ISc6PSJG/Y+uKpFyb7hSb25W9Q==",
      "requires": {
        "@aws-cdk/aws-cloudwatch": "1.31.0",
        "@aws-cdk/aws-iam": "1.31.0",
        "@aws-cdk/core": "1.31.0",
        "constructs": "^2.0.0"
      }
    },
    "@aws-cdk/aws-route53": {
      "version": "1.31.0",
      "resolved": "https://registry.npmjs.org/@aws-cdk/aws-route53/-/aws-route53-1.31.0.tgz",
      "integrity": "sha512-Lx4EjjW3kt5hQ0cZuw0HlOtA6B2Z+DD1RJAFhVpwBClbA59xf2/Ry0yKnyDeQzkDcosf3k758VEpZwSELMY8yw==",
      "requires": {
        "@aws-cdk/aws-ec2": "1.31.0",
        "@aws-cdk/aws-logs": "1.31.0",
        "@aws-cdk/core": "1.31.0",
        "@aws-cdk/cx-api": "1.31.0",
        "constructs": "^2.0.0"
      }
    },
    "@aws-cdk/aws-s3": {
      "version": "1.31.0",
      "resolved": "https://registry.npmjs.org/@aws-cdk/aws-s3/-/aws-s3-1.31.0.tgz",
      "integrity": "sha512-3uP0X69/Nsl09Q3mLak0yPjVjjLAUuqtR0685GTajTpipBFCrIeZ24c01ahw3wPC9oDzmwvBEWUtlkZVco9dBQ==",
      "requires": {
        "@aws-cdk/aws-events": "1.31.0",
        "@aws-cdk/aws-iam": "1.31.0",
        "@aws-cdk/aws-kms": "1.31.0",
        "@aws-cdk/core": "1.31.0",
        "constructs": "^2.0.0"
      }
    },
    "@aws-cdk/aws-s3-assets": {
      "version": "1.31.0",
      "resolved": "https://registry.npmjs.org/@aws-cdk/aws-s3-assets/-/aws-s3-assets-1.31.0.tgz",
      "integrity": "sha512-R+8OEcXcSk8bRSezaRBzijWr1Def6yJZ2gPJpEdSjLW4Ts3wzoL2HvFZlxMT5neKw5WANvTLX4v8hoyDcFA8eg==",
      "requires": {
        "@aws-cdk/assets": "1.31.0",
        "@aws-cdk/aws-iam": "1.31.0",
        "@aws-cdk/aws-s3": "1.31.0",
        "@aws-cdk/core": "1.31.0",
        "@aws-cdk/cx-api": "1.31.0",
        "constructs": "^2.0.0"
      }
    },
    "@aws-cdk/aws-sns": {
      "version": "1.31.0",
      "resolved": "https://registry.npmjs.org/@aws-cdk/aws-sns/-/aws-sns-1.31.0.tgz",
      "integrity": "sha512-hjgcGw04nQC51WcCHCcsAD64IUOQZj3fnp950NXZnXFCKguFBobTU8kYapJ33zGSfyT1Te9wpZpaDcYiAOFOLQ==",
      "requires": {
        "@aws-cdk/aws-cloudwatch": "1.31.0",
        "@aws-cdk/aws-events": "1.31.0",
        "@aws-cdk/aws-iam": "1.31.0",
        "@aws-cdk/aws-kms": "1.31.0",
        "@aws-cdk/core": "1.31.0",
        "constructs": "^2.0.0"
      }
    },
    "@aws-cdk/aws-sqs": {
      "version": "1.31.0",
      "resolved": "https://registry.npmjs.org/@aws-cdk/aws-sqs/-/aws-sqs-1.31.0.tgz",
      "integrity": "sha512-bGDfLULB3fuqbLDJw8qGe/L/AwTcWAHAQVaC00Yu+ZwHWJD5Z4dblxHsH5AC0Qk8qkfmy/EJvFuc2jUdzjh/Gw==",
      "requires": {
        "@aws-cdk/aws-cloudwatch": "1.31.0",
        "@aws-cdk/aws-iam": "1.31.0",
        "@aws-cdk/aws-kms": "1.31.0",
        "@aws-cdk/core": "1.31.0",
        "constructs": "^2.0.0"
      }
    },
    "@aws-cdk/aws-ssm": {
      "version": "1.31.0",
      "resolved": "https://registry.npmjs.org/@aws-cdk/aws-ssm/-/aws-ssm-1.31.0.tgz",
      "integrity": "sha512-gvSy8POIwuNEoW6igebvCO0FQ8B38mmrJc3247p3bEicLG9sxRKYvYItTUncFb69HbcwI8VPfJW+l13bE+EZAw==",
      "requires": {
        "@aws-cdk/aws-iam": "1.31.0",
        "@aws-cdk/aws-kms": "1.31.0",
        "@aws-cdk/core": "1.31.0",
        "@aws-cdk/cx-api": "1.31.0",
        "constructs": "^2.0.0"
      }
    },
    "@aws-cdk/core": {
      "version": "1.31.0",
      "resolved": "https://registry.npmjs.org/@aws-cdk/core/-/core-1.31.0.tgz",
      "integrity": "sha512-HkrcYTCDlS4vjPRtibY70ZhuOAJz3qF+Wp2W/gy+zXGygy0U7bGC/2xwz8555LnYZTUeLEKghQgAFWGtatYEmw==",
      "requires": {
        "@aws-cdk/cx-api": "1.31.0",
        "constructs": "^2.0.0"
      }
    },
    "@aws-cdk/cx-api": {
      "version": "1.31.0",
      "resolved": "https://registry.npmjs.org/@aws-cdk/cx-api/-/cx-api-1.31.0.tgz",
      "integrity": "sha512-BV93+UJsboS5x96uVv1L2sfNzyPS93V8MDjd/DJZKYzdX/KgDfK8H8Zg+ZZM0HcBismfZka2Hy7idl2iPs/IQg==",
      "requires": {
        "semver": "^7.1.3"
      },
      "dependencies": {
        "semver": {
          "version": "7.1.3",
          "bundled": true
        }
      }
    },
    "@aws-cdk/region-info": {
      "version": "1.31.0",
      "resolved": "https://registry.npmjs.org/@aws-cdk/region-info/-/region-info-1.31.0.tgz",
      "integrity": "sha512-9l/VDmfW51AOTgCNxPw0zYfxXrsAOGNiAx1OJifPDjdn1YcXCo56W1+0l/qLqIOKnbR8wHDEeIsf+4v3IJp4qw=="
    },
    "@types/geojson": {
      "version": "7946.0.7",
      "resolved": "https://registry.npmjs.org/@types/geojson/-/geojson-7946.0.7.tgz",
      "integrity": "sha512-wE2v81i4C4Ol09RtsWFAqg3BUitWbHSpSlIo+bNdsCJijO9sjme+zm+73ZMCa/qMC8UEERxzGbvmr1cffo2SiQ=="
    },
    "constructs": {
      "version": "2.0.0",
      "resolved": "https://registry.npmjs.org/constructs/-/constructs-2.0.0.tgz",
      "integrity": "sha512-5bW84vSNMZ0XuEW93OTQG+HuPfRRPzVtXcsCAjUhc5Cmm9pHds10vz+GyDTbBZZ9jsFlY+YjXpcuVyTQ7dV14w=="
    },
    "typescript": {
      "version": "3.8.3",
      "resolved": "https://registry.npmjs.org/typescript/-/typescript-3.8.3.tgz",
      "integrity": "sha512-MYlEfn5VrLNsgudQTVJeNaQFUAI7DkhnOjdpAp4T+ku1TfQClewlbSuTVHiA+8skNBgaf02TL/kLOvig4y3G8w==",
      "dev": true
    }
  }
}
