{
  "name": "user-management-cdk",
  "version": "0.1.0",
  "lockfileVersion": 1,
  "requires": true,
  "dependencies": {
    "@aws-cdk/assert": {
      "version": "1.83.0",
      "resolved": "https://registry.npmjs.org/@aws-cdk/assert/-/assert-1.83.0.tgz",
      "integrity": "sha512-o6T6C9nhctd6r7BB8bnp9A89dPBg9OvMjhlFrLDPE6SEHL/pcmSrKmcPW9a96/U3Yi6/uulEUdRwPxiuzDdUPg==",
      "dev": true,
      "requires": {
        "@aws-cdk/cloud-assembly-schema": "1.83.0",
        "@aws-cdk/cloudformation-diff": "1.83.0",
        "@aws-cdk/core": "1.83.0",
        "@aws-cdk/cx-api": "1.83.0",
        "constructs": "^3.2.0"
      }
    },
    "@aws-cdk/assets": {
      "version": "1.83.0",
      "resolved": "https://registry.npmjs.org/@aws-cdk/assets/-/assets-1.83.0.tgz",
      "integrity": "sha512-e8LxgqDDpHmEqk2I4hJ2EqJ7zrfAzCpZXCaLtg/1Kfvr9Q87SmW24RpC79WMuHCgRA0xhFbDAtNGRpKWuWayhA==",
      "requires": {
        "@aws-cdk/core": "1.83.0",
        "@aws-cdk/cx-api": "1.83.0",
        "constructs": "^3.2.0"
      }
    },
    "@aws-cdk/aws-apigateway": {
      "version": "1.83.0",
      "resolved": "https://registry.npmjs.org/@aws-cdk/aws-apigateway/-/aws-apigateway-1.83.0.tgz",
      "integrity": "sha512-IvsUpB7DmknxYsPnyINEz0m8i5bH/nzB9LH9TYwsRbohnv0hLZGB3UR1ofhxOfTOdULtIeIwHNj0zqBQbfLKYg==",
      "requires": {
        "@aws-cdk/assets": "1.83.0",
        "@aws-cdk/aws-certificatemanager": "1.83.0",
        "@aws-cdk/aws-cloudwatch": "1.83.0",
        "@aws-cdk/aws-ec2": "1.83.0",
        "@aws-cdk/aws-elasticloadbalancingv2": "1.83.0",
        "@aws-cdk/aws-iam": "1.83.0",
        "@aws-cdk/aws-lambda": "1.83.0",
        "@aws-cdk/aws-logs": "1.83.0",
        "@aws-cdk/aws-s3": "1.83.0",
        "@aws-cdk/aws-s3-assets": "1.83.0",
        "@aws-cdk/core": "1.83.0",
        "@aws-cdk/cx-api": "1.83.0",
        "constructs": "^3.2.0"
      }
    },
    "@aws-cdk/aws-applicationautoscaling": {
      "version": "1.83.0",
      "resolved": "https://registry.npmjs.org/@aws-cdk/aws-applicationautoscaling/-/aws-applicationautoscaling-1.83.0.tgz",
      "integrity": "sha512-cp+4mYN2LsZ1A06/7w0AWDYj5eYt/fvSolNz2KY4DMO6SpzSjjEMIZCpnhI6nP7yA7zLJBRO0eihMGaFYDePhw==",
      "requires": {
        "@aws-cdk/aws-autoscaling-common": "1.83.0",
        "@aws-cdk/aws-cloudwatch": "1.83.0",
        "@aws-cdk/aws-iam": "1.83.0",
        "@aws-cdk/core": "1.83.0",
        "constructs": "^3.2.0"
      }
    },
    "@aws-cdk/aws-autoscaling-common": {
      "version": "1.83.0",
      "resolved": "https://registry.npmjs.org/@aws-cdk/aws-autoscaling-common/-/aws-autoscaling-common-1.83.0.tgz",
      "integrity": "sha512-szrg/J8/tV1tui3OJQRzofOecagZMyg11JZAyrTqjiq966xCO/kAp7ZIDx6TPZNPnz799hdiLgV4pAsmbeMacQ==",
      "requires": {
        "@aws-cdk/aws-iam": "1.83.0",
        "@aws-cdk/core": "1.83.0",
        "constructs": "^3.2.0"
      }
    },
    "@aws-cdk/aws-certificatemanager": {
      "version": "1.83.0",
      "resolved": "https://registry.npmjs.org/@aws-cdk/aws-certificatemanager/-/aws-certificatemanager-1.83.0.tgz",
      "integrity": "sha512-nJo7n6H/y9WdwrrAN01+MCFUtUsGLyrIAAzjsUM5gFkK87Q48GZuizIwb2WzZQDo3Y65+en1VB4dpZSmIZjaUw==",
      "requires": {
        "@aws-cdk/aws-iam": "1.83.0",
        "@aws-cdk/aws-lambda": "1.83.0",
        "@aws-cdk/aws-route53": "1.83.0",
        "@aws-cdk/core": "1.83.0",
        "constructs": "^3.2.0"
      }
    },
    "@aws-cdk/aws-cloudformation": {
      "version": "1.83.0",
      "resolved": "https://registry.npmjs.org/@aws-cdk/aws-cloudformation/-/aws-cloudformation-1.83.0.tgz",
      "integrity": "sha512-ZGd6oDqp1VCer3W7NUGwhVLQTKY4xUZoS5BEDM6wxgZiVyelzzxK5UMW2GfSJhS6y9PeFDLJ0kcqKt7+6/jF8A==",
      "requires": {
        "@aws-cdk/aws-iam": "1.83.0",
        "@aws-cdk/aws-lambda": "1.83.0",
        "@aws-cdk/aws-s3": "1.83.0",
        "@aws-cdk/aws-sns": "1.83.0",
        "@aws-cdk/core": "1.83.0",
        "@aws-cdk/cx-api": "1.83.0",
        "constructs": "^3.2.0"
      }
    },
    "@aws-cdk/aws-cloudwatch": {
      "version": "1.83.0",
      "resolved": "https://registry.npmjs.org/@aws-cdk/aws-cloudwatch/-/aws-cloudwatch-1.83.0.tgz",
      "integrity": "sha512-mLsZF6lqRz4c9isshOlxWRu4FjFbSMt81SUGAQ7eZgP5OIGV88QdTfgJJELK5cmk0xmAtrVD7nDHT+sN5ABhCg==",
      "requires": {
        "@aws-cdk/aws-iam": "1.83.0",
        "@aws-cdk/core": "1.83.0",
        "constructs": "^3.2.0"
      }
    },
    "@aws-cdk/aws-codeguruprofiler": {
      "version": "1.83.0",
      "resolved": "https://registry.npmjs.org/@aws-cdk/aws-codeguruprofiler/-/aws-codeguruprofiler-1.83.0.tgz",
      "integrity": "sha512-56a1IZcz2ei6XPxKqgbqTGQMD8v/fjnsc0Ddq8CZmfFKgIQy8BTtvTMj9kMDfsNyPocGKRb3S9uz3qwhAULWdQ==",
      "requires": {
        "@aws-cdk/aws-iam": "1.83.0",
        "@aws-cdk/core": "1.83.0",
        "constructs": "^3.2.0"
      }
    },
    "@aws-cdk/aws-cognito": {
      "version": "1.83.0",
      "resolved": "https://registry.npmjs.org/@aws-cdk/aws-cognito/-/aws-cognito-1.83.0.tgz",
      "integrity": "sha512-wKx25zRvZjDYjH8nvorpPqaWD7o/q0W9nLauCXrGp/KZuGgvAoYLFVW7bVhGBvVn7fRBp12JWklpl2xjhcyLmw==",
      "requires": {
        "@aws-cdk/aws-certificatemanager": "1.83.0",
        "@aws-cdk/aws-iam": "1.83.0",
        "@aws-cdk/aws-lambda": "1.83.0",
        "@aws-cdk/core": "1.83.0",
        "@aws-cdk/custom-resources": "1.83.0",
        "constructs": "^3.2.0",
        "punycode": "^2.1.1"
      },
      "dependencies": {
        "punycode": {
          "version": "2.1.1",
          "bundled": true
        }
      }
    },
    "@aws-cdk/aws-ec2": {
      "version": "1.83.0",
      "resolved": "https://registry.npmjs.org/@aws-cdk/aws-ec2/-/aws-ec2-1.83.0.tgz",
      "integrity": "sha512-nY6V3AQmpKOU4NgVVIAwFANH9T5KS8eZd/myJNPZM5n0kQXaLSLi+g7SS2oaTH4ZNBPsSF/9Hpg9pw8tVw5xlQ==",
      "requires": {
        "@aws-cdk/aws-cloudwatch": "1.83.0",
        "@aws-cdk/aws-iam": "1.83.0",
        "@aws-cdk/aws-kms": "1.83.0",
        "@aws-cdk/aws-logs": "1.83.0",
        "@aws-cdk/aws-s3": "1.83.0",
        "@aws-cdk/aws-s3-assets": "1.83.0",
        "@aws-cdk/aws-ssm": "1.83.0",
        "@aws-cdk/cloud-assembly-schema": "1.83.0",
        "@aws-cdk/core": "1.83.0",
        "@aws-cdk/cx-api": "1.83.0",
        "@aws-cdk/region-info": "1.83.0",
        "constructs": "^3.2.0"
      }
    },
    "@aws-cdk/aws-ecr": {
      "version": "1.83.0",
      "resolved": "https://registry.npmjs.org/@aws-cdk/aws-ecr/-/aws-ecr-1.83.0.tgz",
      "integrity": "sha512-Tu80ponk0Ctv7fHg/j78MyxTinDz10M9B3kAcQTHqMmlHMc0RSXKHqa4+piUBiOAr2zbCO89++1HqWm0h+U7hw==",
      "requires": {
        "@aws-cdk/aws-events": "1.83.0",
        "@aws-cdk/aws-iam": "1.83.0",
        "@aws-cdk/core": "1.83.0",
        "constructs": "^3.2.0"
      }
    },
    "@aws-cdk/aws-ecr-assets": {
      "version": "1.83.0",
      "resolved": "https://registry.npmjs.org/@aws-cdk/aws-ecr-assets/-/aws-ecr-assets-1.83.0.tgz",
      "integrity": "sha512-+fwJ4+RpiW8mKB3FqkbZq15FPV66gqDSqtkQrrwFeYaXmPls5lLSYIGO6RwbsoT8eMo70eIBbG94QXLWWXs4Rw==",
      "requires": {
        "@aws-cdk/assets": "1.83.0",
        "@aws-cdk/aws-ecr": "1.83.0",
        "@aws-cdk/aws-iam": "1.83.0",
        "@aws-cdk/aws-s3": "1.83.0",
        "@aws-cdk/core": "1.83.0",
        "@aws-cdk/cx-api": "1.83.0",
        "constructs": "^3.2.0",
        "minimatch": "^3.0.4"
      },
      "dependencies": {
        "balanced-match": {
          "version": "1.0.0",
          "bundled": true
        },
        "brace-expansion": {
          "version": "1.1.11",
          "bundled": true,
          "requires": {
            "balanced-match": "^1.0.0",
            "concat-map": "0.0.1"
          }
        },
        "concat-map": {
          "version": "0.0.1",
          "bundled": true
        },
        "minimatch": {
          "version": "3.0.4",
          "bundled": true,
          "requires": {
            "brace-expansion": "^1.1.7"
          }
        }
      }
    },
    "@aws-cdk/aws-efs": {
      "version": "1.83.0",
      "resolved": "https://registry.npmjs.org/@aws-cdk/aws-efs/-/aws-efs-1.83.0.tgz",
      "integrity": "sha512-LjJ0F8u9e9ElC5lCME1h3JJtnpre8ye2AUwdTIDOpxvux43pMdX/wsM9g2r6r2aewFd50vA2YV/57+a8HYcayA==",
      "requires": {
        "@aws-cdk/aws-ec2": "1.83.0",
        "@aws-cdk/aws-kms": "1.83.0",
        "@aws-cdk/cloud-assembly-schema": "1.83.0",
        "@aws-cdk/core": "1.83.0",
        "@aws-cdk/cx-api": "1.83.0",
        "constructs": "^3.2.0"
      }
    },
    "@aws-cdk/aws-elasticloadbalancingv2": {
      "version": "1.83.0",
      "resolved": "https://registry.npmjs.org/@aws-cdk/aws-elasticloadbalancingv2/-/aws-elasticloadbalancingv2-1.83.0.tgz",
      "integrity": "sha512-l9cxG7G366kX+yHxkPlJVxcmRzMgrv4Fn1VwhTkB9f5Umnt9TjgsbF39khwoNqPPTiA9cLK3JGHcALNV6iKLBQ==",
      "requires": {
        "@aws-cdk/aws-certificatemanager": "1.83.0",
        "@aws-cdk/aws-cloudwatch": "1.83.0",
        "@aws-cdk/aws-ec2": "1.83.0",
        "@aws-cdk/aws-iam": "1.83.0",
        "@aws-cdk/aws-lambda": "1.83.0",
        "@aws-cdk/aws-s3": "1.83.0",
        "@aws-cdk/cloud-assembly-schema": "1.83.0",
        "@aws-cdk/core": "1.83.0",
        "@aws-cdk/cx-api": "1.83.0",
        "@aws-cdk/region-info": "1.83.0",
        "constructs": "^3.2.0"
      }
    },
    "@aws-cdk/aws-events": {
      "version": "1.83.0",
      "resolved": "https://registry.npmjs.org/@aws-cdk/aws-events/-/aws-events-1.83.0.tgz",
      "integrity": "sha512-J4Hh5U5x5hBMedPjTaucVJANm6fBJ54VnmX72YA/AhOHhXKz8zrN0lwm3MN5cta4fyFBV+DjotmvGcNq2oc1pA==",
      "requires": {
        "@aws-cdk/aws-iam": "1.83.0",
        "@aws-cdk/core": "1.83.0",
        "constructs": "^3.2.0"
      }
    },
    "@aws-cdk/aws-iam": {
      "version": "1.83.0",
      "resolved": "https://registry.npmjs.org/@aws-cdk/aws-iam/-/aws-iam-1.83.0.tgz",
      "integrity": "sha512-lxZPIwLamUiKtaQSDRcVYbn5WbDsoecMqdTUvAL+Y4HRaVoWXHQ5zr+pHD/cDS+5kyv2/J5qGckwIOI7MaMDlQ==",
      "requires": {
        "@aws-cdk/core": "1.83.0",
        "@aws-cdk/region-info": "1.83.0",
        "constructs": "^3.2.0"
      }
    },
    "@aws-cdk/aws-kms": {
      "version": "1.83.0",
      "resolved": "https://registry.npmjs.org/@aws-cdk/aws-kms/-/aws-kms-1.83.0.tgz",
      "integrity": "sha512-EhtiscxSyDtozxH9nDWLpFe0z/pwdtseW471oamghnOAaL2vVFCws5QEALC5QU+MCh4id1j0KlKzrp9GHXFneQ==",
      "requires": {
        "@aws-cdk/aws-iam": "1.83.0",
        "@aws-cdk/core": "1.83.0",
        "@aws-cdk/cx-api": "1.83.0",
        "constructs": "^3.2.0"
      }
    },
    "@aws-cdk/aws-lambda": {
      "version": "1.83.0",
      "resolved": "https://registry.npmjs.org/@aws-cdk/aws-lambda/-/aws-lambda-1.83.0.tgz",
      "integrity": "sha512-ox8VABlj8ZdjYRpAGPh6MuY6/sx0Asl03UtC6Jme23l33txU35CgI+BezN4+ldoqdysDFsJ2OMaE5ynUbSrmHQ==",
      "requires": {
        "@aws-cdk/aws-applicationautoscaling": "1.83.0",
        "@aws-cdk/aws-cloudwatch": "1.83.0",
        "@aws-cdk/aws-codeguruprofiler": "1.83.0",
        "@aws-cdk/aws-ec2": "1.83.0",
        "@aws-cdk/aws-ecr": "1.83.0",
        "@aws-cdk/aws-ecr-assets": "1.83.0",
        "@aws-cdk/aws-efs": "1.83.0",
        "@aws-cdk/aws-events": "1.83.0",
        "@aws-cdk/aws-iam": "1.83.0",
        "@aws-cdk/aws-kms": "1.83.0",
        "@aws-cdk/aws-logs": "1.83.0",
        "@aws-cdk/aws-s3": "1.83.0",
        "@aws-cdk/aws-s3-assets": "1.83.0",
        "@aws-cdk/aws-sqs": "1.83.0",
        "@aws-cdk/core": "1.83.0",
        "@aws-cdk/cx-api": "1.83.0",
        "constructs": "^3.2.0"
      }
    },
    "@aws-cdk/aws-logs": {
      "version": "1.83.0",
      "resolved": "https://registry.npmjs.org/@aws-cdk/aws-logs/-/aws-logs-1.83.0.tgz",
      "integrity": "sha512-mWXBJG1UxpKMcpz3iOUVgCH5BPD/YPx+qWSJ4UYYZFbDTHqdGtO9ZQnw81YFMwW2HX+/MUNO8gVj5+6M89bccA==",
      "requires": {
        "@aws-cdk/aws-cloudwatch": "1.83.0",
        "@aws-cdk/aws-iam": "1.83.0",
        "@aws-cdk/aws-kms": "1.83.0",
        "@aws-cdk/aws-s3-assets": "1.83.0",
        "@aws-cdk/core": "1.83.0",
        "constructs": "^3.2.0"
      }
    },
    "@aws-cdk/aws-route53": {
      "version": "1.83.0",
      "resolved": "https://registry.npmjs.org/@aws-cdk/aws-route53/-/aws-route53-1.83.0.tgz",
      "integrity": "sha512-OVaU36bchwGI0hfhYF05EUqln8zdsXaMUBZWq26Zqdc8k2pGDeGEcfHvLQczKj9fkFv80A3TPt/dKeF2E2bBgQ==",
      "requires": {
        "@aws-cdk/aws-ec2": "1.83.0",
        "@aws-cdk/aws-logs": "1.83.0",
        "@aws-cdk/cloud-assembly-schema": "1.83.0",
        "@aws-cdk/core": "1.83.0",
        "@aws-cdk/custom-resources": "1.83.0",
        "constructs": "^3.2.0"
      }
    },
    "@aws-cdk/aws-s3": {
      "version": "1.83.0",
      "resolved": "https://registry.npmjs.org/@aws-cdk/aws-s3/-/aws-s3-1.83.0.tgz",
      "integrity": "sha512-hHqXO/zpWdXHnPPlCOKHgikrqq7zAW1NozNDhEgYEmBeeY6WKXPRh2eNe7WtMZ5ETzbOOIg6s7BgC3wYQRsthg==",
      "requires": {
        "@aws-cdk/aws-events": "1.83.0",
        "@aws-cdk/aws-iam": "1.83.0",
        "@aws-cdk/aws-kms": "1.83.0",
        "@aws-cdk/core": "1.83.0",
        "constructs": "^3.2.0"
      }
    },
    "@aws-cdk/aws-s3-assets": {
      "version": "1.83.0",
      "resolved": "https://registry.npmjs.org/@aws-cdk/aws-s3-assets/-/aws-s3-assets-1.83.0.tgz",
      "integrity": "sha512-EpM1q8z4KZlfQGrkIMbrrf+VSYW7efgw60N7GcVG+Xm1qVdM0Q9sc7FUcA/VR5wrG4nn813u0GnciI44iiPlqw==",
      "requires": {
        "@aws-cdk/assets": "1.83.0",
        "@aws-cdk/aws-iam": "1.83.0",
        "@aws-cdk/aws-kms": "1.83.0",
        "@aws-cdk/aws-s3": "1.83.0",
        "@aws-cdk/core": "1.83.0",
        "@aws-cdk/cx-api": "1.83.0",
        "constructs": "^3.2.0"
      }
    },
    "@aws-cdk/aws-sns": {
      "version": "1.83.0",
      "resolved": "https://registry.npmjs.org/@aws-cdk/aws-sns/-/aws-sns-1.83.0.tgz",
      "integrity": "sha512-GLByI3GCLnKL4uulHz43uJLzxNvfljjLrWzNY2+oKEAcBkDSd99i39xA1SWxg3lJWCaeSx3Y5ZmuDNk4AvHETg==",
      "requires": {
        "@aws-cdk/aws-cloudwatch": "1.83.0",
        "@aws-cdk/aws-events": "1.83.0",
        "@aws-cdk/aws-iam": "1.83.0",
        "@aws-cdk/aws-kms": "1.83.0",
        "@aws-cdk/aws-sqs": "1.83.0",
        "@aws-cdk/core": "1.83.0",
        "constructs": "^3.2.0"
      }
    },
    "@aws-cdk/aws-sqs": {
      "version": "1.83.0",
      "resolved": "https://registry.npmjs.org/@aws-cdk/aws-sqs/-/aws-sqs-1.83.0.tgz",
      "integrity": "sha512-if3Zpeib0A8vwynLT5STZstPZ6A43Z1mIBbwjuw+qBOd8n2QvzoMTHkKUFK9pZkNyWue30lPSJWGKK2rfiZphQ==",
      "requires": {
        "@aws-cdk/aws-cloudwatch": "1.83.0",
        "@aws-cdk/aws-iam": "1.83.0",
        "@aws-cdk/aws-kms": "1.83.0",
        "@aws-cdk/core": "1.83.0",
        "constructs": "^3.2.0"
      }
    },
    "@aws-cdk/aws-ssm": {
      "version": "1.83.0",
      "resolved": "https://registry.npmjs.org/@aws-cdk/aws-ssm/-/aws-ssm-1.83.0.tgz",
      "integrity": "sha512-zxul2nUy0ioLaY3JbFo/VDiyum43ni9jc+Iku6lS9sgOH+Y7RnD6k7zeQ8Gpf1JJLGhkV+mjyRnu0SAEmzj0rQ==",
      "requires": {
        "@aws-cdk/aws-iam": "1.83.0",
        "@aws-cdk/aws-kms": "1.83.0",
        "@aws-cdk/cloud-assembly-schema": "1.83.0",
        "@aws-cdk/core": "1.83.0",
        "constructs": "^3.2.0"
      }
    },
    "@aws-cdk/cfnspec": {
      "version": "1.83.0",
      "resolved": "https://registry.npmjs.org/@aws-cdk/cfnspec/-/cfnspec-1.83.0.tgz",
      "integrity": "sha512-mvqYKpQQQr3B7DY9AmM6LwMnBGAhpkcwZwiLmKQpY2J3UvNVmppjtLp/fzxBNhDqfht/916XJwsoYOUk5W5DDg==",
      "dev": true,
      "requires": {
        "md5": "^2.3.0"
      }
    },
    "@aws-cdk/cloud-assembly-schema": {
      "version": "1.83.0",
      "resolved": "https://registry.npmjs.org/@aws-cdk/cloud-assembly-schema/-/cloud-assembly-schema-1.83.0.tgz",
      "integrity": "sha512-n6m7qkADyG4O3XX3sEKYlE6q9mFk2bYb/AdAZoDSWEi87XZKr3XMCKKH3+uITDnc8b3aysGWmIntVg2MNgvkJA==",
      "requires": {
        "jsonschema": "^1.4.0",
        "semver": "^7.3.2"
      },
      "dependencies": {
        "jsonschema": {
          "version": "1.4.0",
          "bundled": true
        },
        "semver": {
          "version": "7.3.2",
          "bundled": true
        }
      }
    },
    "@aws-cdk/cloudformation-diff": {
      "version": "1.83.0",
      "resolved": "https://registry.npmjs.org/@aws-cdk/cloudformation-diff/-/cloudformation-diff-1.83.0.tgz",
      "integrity": "sha512-AlsrTSuOABXrX5JrikLvSZQeV3fmBuZm7VWhJjWFP7is37/Ck9gjgwnf6kDQCSQ4Z/VHBfFxmWUjE388ogZRbQ==",
      "dev": true,
      "requires": {
        "@aws-cdk/cfnspec": "1.83.0",
        "colors": "^1.4.0",
        "diff": "^5.0.0",
        "fast-deep-equal": "^3.1.3",
        "string-width": "^4.2.0",
        "table": "^6.0.7"
      }
    },
    "@aws-cdk/core": {
      "version": "1.83.0",
      "resolved": "https://registry.npmjs.org/@aws-cdk/core/-/core-1.83.0.tgz",
      "integrity": "sha512-Oj+1eGRSng639vpAy+qUdG/rghMnXxFmLHcM37Hk2/Sgy5eCCzD0sEQnIbaQ9/RH8E8bgRJtAxyjdLthmSuLlw==",
      "requires": {
        "@aws-cdk/cloud-assembly-schema": "1.83.0",
        "@aws-cdk/cx-api": "1.83.0",
        "@aws-cdk/region-info": "1.83.0",
        "@balena/dockerignore": "^1.0.2",
        "constructs": "^3.2.0",
        "fs-extra": "^9.0.1",
        "ignore": "^5.1.8",
        "minimatch": "^3.0.4"
      },
      "dependencies": {
        "@balena/dockerignore": {
          "version": "1.0.2",
          "bundled": true
        },
        "at-least-node": {
          "version": "1.0.0",
          "bundled": true
        },
        "balanced-match": {
          "version": "1.0.0",
          "bundled": true
        },
        "brace-expansion": {
          "version": "1.1.11",
          "bundled": true,
          "requires": {
            "balanced-match": "^1.0.0",
            "concat-map": "0.0.1"
          }
        },
        "concat-map": {
          "version": "0.0.1",
          "bundled": true
        },
        "fs-extra": {
          "version": "9.0.1",
          "bundled": true,
          "requires": {
            "at-least-node": "^1.0.0",
            "graceful-fs": "^4.2.0",
            "jsonfile": "^6.0.1",
            "universalify": "^1.0.0"
          }
        },
        "graceful-fs": {
          "version": "4.2.4",
          "bundled": true
        },
        "ignore": {
          "version": "5.1.8",
          "bundled": true
        },
        "jsonfile": {
          "version": "6.1.0",
          "bundled": true,
          "requires": {
            "graceful-fs": "^4.1.6",
            "universalify": "^2.0.0"
          },
          "dependencies": {
            "universalify": {
              "version": "2.0.0",
              "bundled": true
            }
          }
        },
        "minimatch": {
          "version": "3.0.4",
          "bundled": true,
          "requires": {
            "brace-expansion": "^1.1.7"
          }
        },
        "universalify": {
          "version": "1.0.0",
          "bundled": true
        }
      }
    },
    "@aws-cdk/custom-resources": {
      "version": "1.83.0",
      "resolved": "https://registry.npmjs.org/@aws-cdk/custom-resources/-/custom-resources-1.83.0.tgz",
      "integrity": "sha512-Rprw2C+dUKDEORXVZ7MssS+kr0ad2hQSHVWMmdU7pfyYIXGT+VyzeqhUb1f75YHB2/aATtdOE6vMzCsaeLyiLQ==",
      "requires": {
        "@aws-cdk/aws-cloudformation": "1.83.0",
        "@aws-cdk/aws-ec2": "1.83.0",
        "@aws-cdk/aws-iam": "1.83.0",
        "@aws-cdk/aws-lambda": "1.83.0",
        "@aws-cdk/aws-logs": "1.83.0",
        "@aws-cdk/aws-sns": "1.83.0",
        "@aws-cdk/core": "1.83.0",
        "constructs": "^3.2.0"
      }
    },
    "@aws-cdk/cx-api": {
      "version": "1.83.0",
      "resolved": "https://registry.npmjs.org/@aws-cdk/cx-api/-/cx-api-1.83.0.tgz",
      "integrity": "sha512-rbvkR8IGOfUHwhJHQ0aWg37K5ed3yMpWZ60/YTZSF89aVaUpr+HoVQLU8a61j4dPofinm4joi60dZbMlqgUF7g==",
      "requires": {
        "@aws-cdk/cloud-assembly-schema": "1.83.0",
        "semver": "^7.3.2"
      },
      "dependencies": {
        "semver": {
          "version": "7.3.2",
          "bundled": true
        }
      }
    },
    "@aws-cdk/region-info": {
      "version": "1.83.0",
      "resolved": "https://registry.npmjs.org/@aws-cdk/region-info/-/region-info-1.83.0.tgz",
      "integrity": "sha512-5gwX1xhEPFb9eFFGNdHm99vSCJqrYIEvwIjFmoG8zpjV8TWtiY7D8WbhxED7Q2pejEMnuUtvmMXKgSH+lo6ung=="
    },
    "@sinonjs/commons": {
      "version": "1.8.2",
      "resolved": "https://registry.npmjs.org/@sinonjs/commons/-/commons-1.8.2.tgz",
      "integrity": "sha512-sruwd86RJHdsVf/AtBoijDmUqJp3B6hF/DGC23C+JaegnDHaZyewCjoVGTdg3J0uz3Zs7NnIT05OBOmML72lQw==",
      "dev": true,
      "requires": {
        "type-detect": "4.0.8"
      }
    },
    "@sinonjs/fake-timers": {
      "version": "6.0.1",
      "resolved": "https://registry.npmjs.org/@sinonjs/fake-timers/-/fake-timers-6.0.1.tgz",
      "integrity": "sha512-MZPUxrmFubI36XS1DI3qmI0YdN1gks62JtFZvxR67ljjSNCeK6U08Zx4msEWOXuofgqUt6zPHSi1H9fbjR/NRA==",
      "dev": true,
      "requires": {
        "@sinonjs/commons": "^1.7.0"
      }
    },
    "@sinonjs/formatio": {
      "version": "5.0.1",
      "resolved": "https://registry.npmjs.org/@sinonjs/formatio/-/formatio-5.0.1.tgz",
      "integrity": "sha512-KaiQ5pBf1MpS09MuA0kp6KBQt2JUOQycqVG1NZXvzeaXe5LGFqAKueIS0bw4w0P9r7KuBSVdUk5QjXsUdu2CxQ==",
      "dev": true,
      "requires": {
        "@sinonjs/commons": "^1",
        "@sinonjs/samsam": "^5.0.2"
      }
    },
    "@sinonjs/samsam": {
      "version": "5.3.1",
      "resolved": "https://registry.npmjs.org/@sinonjs/samsam/-/samsam-5.3.1.tgz",
      "integrity": "sha512-1Hc0b1TtyfBu8ixF/tpfSHTVWKwCBLY4QJbkgnE7HcwyvT2xArDxb4K7dMgqRm3szI+LJbzmW/s4xxEhv6hwDg==",
      "dev": true,
      "requires": {
        "@sinonjs/commons": "^1.6.0",
        "lodash.get": "^4.4.2",
        "type-detect": "^4.0.8"
      }
    },
    "@sinonjs/text-encoding": {
      "version": "0.7.1",
      "resolved": "https://registry.npmjs.org/@sinonjs/text-encoding/-/text-encoding-0.7.1.tgz",
      "integrity": "sha512-+iTbntw2IZPb/anVDbypzfQa+ay64MW0Zo8aJ8gZPWMMK6/OubMVb6lUPMagqjOPnmtauXnFCACVl3O7ogjeqQ==",
      "dev": true
    },
    "@types/aws-lambda": {
      "version": "8.10.64",
      "resolved": "https://registry.npmjs.org/@types/aws-lambda/-/aws-lambda-8.10.64.tgz",
      "integrity": "sha512-LRKk2UQCSi7BsO5TlfSI8cTNpOGz+MH6+RXEWtuZmxJficQgxwEYJDiKVirzgyiHce0L0F4CqCVvKTwblAeOUw==",
      "dev": true
    },
    "@types/node": {
      "version": "14.0.27",
      "resolved": "https://registry.npmjs.org/@types/node/-/node-14.0.27.tgz",
      "integrity": "sha512-kVrqXhbclHNHGu9ztnAwSncIgJv/FaxmzXJvGXNdcCpV1b8u1/Mi6z6m0vwy0LzKeXFTPLH0NzwmoJ3fNCIq0g==",
      "dev": true
    },
    "@types/sinon": {
      "version": "9.0.8",
      "resolved": "https://registry.npmjs.org/@types/sinon/-/sinon-9.0.8.tgz",
      "integrity": "sha512-IVnI820FZFMGI+u1R+2VdRaD/82YIQTdqLYC9DLPszZuynAJDtCvCtCs3bmyL66s7FqRM3+LPX7DhHnVTaagDw==",
      "dev": true,
      "requires": {
        "@types/sinonjs__fake-timers": "*"
      }
    },
    "@types/sinonjs__fake-timers": {
      "version": "6.0.2",
      "resolved": "https://registry.npmjs.org/@types/sinonjs__fake-timers/-/sinonjs__fake-timers-6.0.2.tgz",
      "integrity": "sha512-dIPoZ3g5gcx9zZEszaxLSVTvMReD3xxyyDnQUjA6IYDG9Ba2AV0otMPs+77sG9ojB4Qr2N2Vk5RnKeuA0X/0bg==",
      "dev": true
    },
    "ajv": {
      "version": "7.2.1",
      "resolved": "https://registry.npmjs.org/ajv/-/ajv-7.2.1.tgz",
      "integrity": "sha512-+nu0HDv7kNSOua9apAVc979qd932rrZeb3WOvoiD31A/p1mIE5/9bN2027pE2rOPYEdS3UHzsvof4hY+lM9/WQ==",
      "dev": true,
      "requires": {
        "fast-deep-equal": "^3.1.1",
        "json-schema-traverse": "^1.0.0",
        "require-from-string": "^2.0.2",
        "uri-js": "^4.2.2"
      }
    },
    "amazon-cognito-identity-js": {
      "version": "4.5.5",
      "resolved": "https://registry.npmjs.org/amazon-cognito-identity-js/-/amazon-cognito-identity-js-4.5.5.tgz",
      "integrity": "sha512-8Sy74oOGzfs/ZivH1kzeCvbYHQh81etSGD8wheSxfNEmD5xav015Cj/V0F9tTw8cI7jiilZcbCcS73j4UbMEXA==",
      "requires": {
        "buffer": "4.9.1",
        "crypto-js": "^3.3.0",
        "fast-base64-decode": "^1.0.0",
        "isomorphic-unfetch": "^3.0.0",
        "js-cookie": "^2.2.1"
      }
    },
    "ansi-regex": {
      "version": "5.0.0",
      "resolved": "https://registry.npmjs.org/ansi-regex/-/ansi-regex-5.0.0.tgz",
      "integrity": "sha512-bY6fj56OUQ0hU1KjFNDQuJFezqKdrAyFdIevADiqrWHwSlbmBNMHp5ak2f40Pm8JTFyM2mqxkG6ngkHO11f/lg==",
      "dev": true
    },
    "ansi-styles": {
      "version": "4.3.0",
      "resolved": "https://registry.npmjs.org/ansi-styles/-/ansi-styles-4.3.0.tgz",
      "integrity": "sha512-zbB9rCJAT1rbjiVDb2hqKFHNYLxgtk8NURxZ3IZwD3F6NtxbXZQCnnSi1Lkx+IDohdPlFp222wVALIheZJQSEg==",
      "dev": true,
      "requires": {
        "color-convert": "^2.0.1"
      }
    },
    "arg": {
      "version": "4.1.3",
      "resolved": "https://registry.npmjs.org/arg/-/arg-4.1.3.tgz",
      "integrity": "sha512-58S9QDqG0Xx27YwPSt9fJxivjYl432YCwfDMfZ+71RAqUrZef7LrKQZ3LHLOwCS4FLNBplP533Zx895SeOCHvA==",
      "dev": true
    },
    "astral-regex": {
      "version": "2.0.0",
      "resolved": "https://registry.npmjs.org/astral-regex/-/astral-regex-2.0.0.tgz",
      "integrity": "sha512-Z7tMw1ytTXt5jqMcOP+OQteU1VuNK9Y02uuJtKQ1Sv69jXQKKg5cibLwGJow8yzZP+eAc18EmLGPal0bp36rvQ==",
      "dev": true
    },
    "aws-sdk": {
      "version": "2.821.0",
      "resolved": "https://registry.npmjs.org/aws-sdk/-/aws-sdk-2.821.0.tgz",
      "integrity": "sha512-UtUlURMzmns1Wq8uAdJcyKsm/nW7iRYgTQEONQIpud0xwtjpPPR1pBFB0RSNZuYnZxcWboo807+jxq+LjaBEKA==",
      "requires": {
        "buffer": "4.9.2",
        "events": "1.1.1",
        "ieee754": "1.1.13",
        "jmespath": "0.15.0",
        "querystring": "0.2.0",
        "sax": "1.2.1",
        "url": "0.10.3",
        "uuid": "3.3.2",
        "xml2js": "0.4.19"
      },
      "dependencies": {
        "buffer": {
          "version": "4.9.2",
          "resolved": "https://registry.npmjs.org/buffer/-/buffer-4.9.2.tgz",
          "integrity": "sha512-xq+q3SRMOxGivLhBNaUdC64hDTQwejJ+H0T/NB1XMtTVEwNTrfFF3gAxiyW0Bu/xWEGhjVKgUcMhCrUy2+uCWg==",
          "requires": {
            "base64-js": "^1.0.2",
            "ieee754": "^1.1.4",
            "isarray": "^1.0.0"
          }
        },
        "ieee754": {
          "version": "1.1.13",
          "resolved": "https://registry.npmjs.org/ieee754/-/ieee754-1.1.13.tgz",
          "integrity": "sha512-4vf7I2LYV/HaWerSo3XmlMkp5eZ83i+/CDluXi/IGTs/O1sejBNhTtnxzmRZfvOUqj7lZjqHkeTvpgSFDlWZTg=="
        }
      }
    },
    "balanced-match": {
      "version": "1.0.0",
      "resolved": "https://registry.npmjs.org/balanced-match/-/balanced-match-1.0.0.tgz",
      "integrity": "sha1-ibTRmasr7kneFk6gK4nORi1xt2c=",
      "dev": true
    },
    "base64-js": {
      "version": "1.5.1",
      "resolved": "https://registry.npmjs.org/base64-js/-/base64-js-1.5.1.tgz",
      "integrity": "sha512-AKpaYlHn8t4SVbOHCy+b5+KKgvR4vrsD8vbvrbiQJps7fKDTkjkDry6ji0rUJjC0kzbNePLwzxq8iypo41qeWA=="
    },
    "brace-expansion": {
      "version": "1.1.11",
      "resolved": "https://registry.npmjs.org/brace-expansion/-/brace-expansion-1.1.11.tgz",
      "integrity": "sha512-iCuPHDFgrHX7H2vEI/5xpz07zSHB00TpugqhmYtVmMO6518mCuRMoOYFldEBl0g187ufozdaHgWKcYFb61qGiA==",
      "dev": true,
      "requires": {
        "balanced-match": "^1.0.0",
        "concat-map": "0.0.1"
      }
    },
    "buffer": {
      "version": "4.9.1",
      "resolved": "https://registry.npmjs.org/buffer/-/buffer-4.9.1.tgz",
      "integrity": "sha1-bRu2AbB6TvztlwlBMgkwJ8lbwpg=",
      "requires": {
        "base64-js": "^1.0.2",
        "ieee754": "^1.1.4",
        "isarray": "^1.0.0"
      }
    },
    "buffer-from": {
      "version": "1.1.1",
      "resolved": "https://registry.npmjs.org/buffer-from/-/buffer-from-1.1.1.tgz",
      "integrity": "sha512-MQcXEUbCKtEo7bhqEs6560Hyd4XaovZlO/k9V3hjVUF/zwW7KBVdSK4gIt/bzwS9MbR5qob+F5jusZsb0YQK2A==",
      "dev": true
    },
    "charenc": {
      "version": "0.0.2",
      "resolved": "https://registry.npmjs.org/charenc/-/charenc-0.0.2.tgz",
      "integrity": "sha1-wKHS86cJLgN3S/qD8UwPxXkKhmc=",
      "dev": true
    },
    "color-convert": {
      "version": "2.0.1",
      "resolved": "https://registry.npmjs.org/color-convert/-/color-convert-2.0.1.tgz",
      "integrity": "sha512-RRECPsj7iu/xb5oKYcsFHSppFNnsj/52OVTRKb4zP5onXwVF3zVmmToNcOfGC+CRDpfK/U584fMg38ZHCaElKQ==",
      "dev": true,
      "requires": {
        "color-name": "~1.1.4"
      }
    },
    "color-name": {
      "version": "1.1.4",
      "resolved": "https://registry.npmjs.org/color-name/-/color-name-1.1.4.tgz",
      "integrity": "sha512-dOy+3AuW3a2wNbZHIuMZpTcgjGuLU/uBL/ubcZF9OXbDo8ff4O8yVp5Bf0efS8uEoYo5q4Fx7dY9OgQGXgAsQA==",
      "dev": true
    },
    "colors": {
      "version": "1.4.0",
      "resolved": "https://registry.npmjs.org/colors/-/colors-1.4.0.tgz",
      "integrity": "sha512-a+UqTh4kgZg/SlGvfbzDHpgRu7AAQOmmqRHJnxhRZICKFUT91brVhNNt58CMWU9PsBbv3PDCZUHbVxuDiH2mtA==",
      "dev": true
    },
    "concat-map": {
      "version": "0.0.1",
      "resolved": "https://registry.npmjs.org/concat-map/-/concat-map-0.0.1.tgz",
      "integrity": "sha1-2Klr13/Wjfd5OnMDajug1UBdR3s=",
      "dev": true
    },
    "constructs": {
      "version": "3.3.65",
      "resolved": "https://registry.npmjs.org/constructs/-/constructs-3.3.65.tgz",
      "integrity": "sha512-/tjHzxwK4Nz9SAm40kkC2mij3Y3LngVVj/dvk7Xpex25/PMhVRYy1pmJ0/5I5Y6bAMG1HRjcSAyf4k9YZyxJjw=="
    },
    "crypt": {
      "version": "0.0.2",
      "resolved": "https://registry.npmjs.org/crypt/-/crypt-0.0.2.tgz",
      "integrity": "sha1-iNf/fsDfuG9xPch7u0LQRNPmxBs=",
      "dev": true
    },
    "crypto-js": {
      "version": "3.3.0",
      "resolved": "https://registry.npmjs.org/crypto-js/-/crypto-js-3.3.0.tgz",
      "integrity": "sha512-DIT51nX0dCfKltpRiXV+/TVZq+Qq2NgF4644+K7Ttnla7zEzqc+kjJyiB96BHNyUTBxyjzRcZYpUdZa+QAqi6Q=="
    },
    "diff": {
      "version": "5.0.0",
      "resolved": "https://registry.npmjs.org/diff/-/diff-5.0.0.tgz",
      "integrity": "sha512-/VTCrvm5Z0JGty/BWHljh+BAiw3IK+2j87NGMu8Nwc/f48WoDAC395uomO9ZD117ZOBaHmkX1oyLvkVM/aIT3w==",
      "dev": true
    },
    "emoji-regex": {
      "version": "8.0.0",
      "resolved": "https://registry.npmjs.org/emoji-regex/-/emoji-regex-8.0.0.tgz",
      "integrity": "sha512-MSjYzcWNOA0ewAHpz0MxpYFvwg6yjy1NG3xteoqz644VCo/RPgnr1/GGt+ic3iJTzQ8Eu3TdM14SawnVUmGE6A==",
      "dev": true
    },
    "esbuild": {
      "version": "0.8.57",
      "resolved": "https://registry.npmjs.org/esbuild/-/esbuild-0.8.57.tgz",
      "integrity": "sha512-j02SFrUwFTRUqiY0Kjplwjm1psuzO1d6AjaXKuOR9hrY0HuPsT6sV42B6myW34h1q4CRy+Y3g4RU/cGJeI/nNA==",
      "dev": true
    },
    "events": {
      "version": "1.1.1",
      "resolved": "https://registry.npmjs.org/events/-/events-1.1.1.tgz",
      "integrity": "sha1-nr23Y1rQmccNzEwqH1AEKI6L2SQ="
    },
    "fast-base64-decode": {
      "version": "1.0.0",
      "resolved": "https://registry.npmjs.org/fast-base64-decode/-/fast-base64-decode-1.0.0.tgz",
      "integrity": "sha512-qwaScUgUGBYeDNRnbc/KyllVU88Jk1pRHPStuF/lO7B0/RTRLj7U0lkdTAutlBblY08rwZDff6tNU9cjv6j//Q=="
    },
    "fast-deep-equal": {
      "version": "3.1.3",
      "resolved": "https://registry.npmjs.org/fast-deep-equal/-/fast-deep-equal-3.1.3.tgz",
      "integrity": "sha512-f3qQ9oQy9j2AhBe/H9VC91wLmKBCCU/gDOnKNAYG5hswO7BLKj09Hc5HYNz9cGI++xlpDCIgDaitVs03ATR84Q==",
      "dev": true
    },
    "fs.realpath": {
      "version": "1.0.0",
      "resolved": "https://registry.npmjs.org/fs.realpath/-/fs.realpath-1.0.0.tgz",
      "integrity": "sha1-FQStJSMVjKpA20onh8sBQRmU6k8=",
      "dev": true
    },
    "glob": {
      "version": "7.1.6",
      "resolved": "https://registry.npmjs.org/glob/-/glob-7.1.6.tgz",
      "integrity": "sha512-LwaxwyZ72Lk7vZINtNNrywX0ZuLyStrdDtabefZKAY5ZGJhVtgdznluResxNmPitE0SAO+O26sWTHeKSI2wMBA==",
      "dev": true,
      "requires": {
        "fs.realpath": "^1.0.0",
        "inflight": "^1.0.4",
        "inherits": "2",
        "minimatch": "^3.0.4",
        "once": "^1.3.0",
        "path-is-absolute": "^1.0.0"
      }
    },
    "has-flag": {
      "version": "4.0.0",
      "resolved": "https://registry.npmjs.org/has-flag/-/has-flag-4.0.0.tgz",
      "integrity": "sha512-EykJT/Q1KjTWctppgIAgfSO0tKVuZUjhgMr17kqTumMl6Afv3EISleU7qZUzoXDFTAHTDC4NOoG/ZxU3EvlMPQ==",
      "dev": true
    },
    "ieee754": {
      "version": "1.2.1",
      "resolved": "https://registry.npmjs.org/ieee754/-/ieee754-1.2.1.tgz",
      "integrity": "sha512-dcyqhDvX1C46lXZcVqCpK+FtMRQVdIMN6/Df5js2zouUsqG7I6sFxitIC+7KYK29KdXOLHdu9zL4sFnoVQnqaA=="
    },
    "inflight": {
      "version": "1.0.6",
      "resolved": "https://registry.npmjs.org/inflight/-/inflight-1.0.6.tgz",
      "integrity": "sha1-Sb1jMdfQLQwJvJEKEHW6gWW1bfk=",
      "dev": true,
      "requires": {
        "once": "^1.3.0",
        "wrappy": "1"
      }
    },
    "inherits": {
      "version": "2.0.4",
      "resolved": "https://registry.npmjs.org/inherits/-/inherits-2.0.4.tgz",
      "integrity": "sha512-k/vGaX4/Yla3WzyMCvTQOXYeIHvqOKtnqBduzTHpzpQZzAskKMhZ2K+EnBiSM9zGSoIFeMpXKxa4dYeZIQqewQ==",
      "dev": true
    },
    "is-buffer": {
      "version": "1.1.6",
      "resolved": "https://registry.npmjs.org/is-buffer/-/is-buffer-1.1.6.tgz",
      "integrity": "sha512-NcdALwpXkTm5Zvvbk7owOUSvVvBKDgKP5/ewfXEznmQFfs4ZRmanOeKBTjRVjka3QFoN6XJ+9F3USqfHqTaU5w==",
      "dev": true
    },
    "is-fullwidth-code-point": {
      "version": "3.0.0",
      "resolved": "https://registry.npmjs.org/is-fullwidth-code-point/-/is-fullwidth-code-point-3.0.0.tgz",
      "integrity": "sha512-zymm5+u+sCsSWyD9qNaejV3DFvhCKclKdizYaJUuHA83RLjb7nSuGnddCHGv0hk+KY7BMAlsWeK4Ueg6EV6XQg==",
      "dev": true
    },
    "isarray": {
      "version": "1.0.0",
      "resolved": "https://registry.npmjs.org/isarray/-/isarray-1.0.0.tgz",
      "integrity": "sha1-u5NdSFgsuhaMBoNJV6VKPgcSTxE="
    },
    "isomorphic-unfetch": {
      "version": "3.1.0",
      "resolved": "https://registry.npmjs.org/isomorphic-unfetch/-/isomorphic-unfetch-3.1.0.tgz",
      "integrity": "sha512-geDJjpoZ8N0kWexiwkX8F9NkTsXhetLPVbZFQ+JTW239QNOwvB0gniuR1Wc6f0AMTn7/mFGyXvHTifrCp/GH8Q==",
      "requires": {
        "node-fetch": "^2.6.1",
        "unfetch": "^4.2.0"
      }
    },
    "jmespath": {
      "version": "0.15.0",
      "resolved": "https://registry.npmjs.org/jmespath/-/jmespath-0.15.0.tgz",
      "integrity": "sha1-o/Iiqarp+Wb10nx5ZRDigJF2Qhc="
    },
    "js-cookie": {
      "version": "2.2.1",
      "resolved": "https://registry.npmjs.org/js-cookie/-/js-cookie-2.2.1.tgz",
      "integrity": "sha512-HvdH2LzI/EAZcUwA8+0nKNtWHqS+ZmijLA30RwZA0bo7ToCckjK5MkGhjED9KoRcXO6BaGI3I9UIzSA1FKFPOQ=="
    },
    "json-schema-traverse": {
      "version": "1.0.0",
      "resolved": "https://registry.npmjs.org/json-schema-traverse/-/json-schema-traverse-1.0.0.tgz",
      "integrity": "sha512-NM8/P9n3XjXhIZn1lLhkFaACTOURQXjWhV4BA/RnOv8xvgqtqpAX9IO4mRQxSx1Rlo4tqzeqb0sOlruaOy3dug==",
      "dev": true
    },
    "just-extend": {
      "version": "4.1.1",
      "resolved": "https://registry.npmjs.org/just-extend/-/just-extend-4.1.1.tgz",
      "integrity": "sha512-aWgeGFW67BP3e5181Ep1Fv2v8z//iBJfrvyTnq8wG86vEESwmonn1zPBJ0VfmT9CJq2FIT0VsETtrNFm2a+SHA==",
      "dev": true
    },
    "lodash": {
      "version": "4.17.21",
      "resolved": "https://registry.npmjs.org/lodash/-/lodash-4.17.21.tgz",
      "integrity": "sha512-v2kDEe57lecTulaDIuNTPy3Ry4gLGJ6Z1O3vE1krgXZNrsQ+LFTGHVxVjcXPs17LhbZVGedAJv8XZ1tvj5FvSg==",
      "dev": true
    },
    "lodash.get": {
      "version": "4.4.2",
      "resolved": "https://registry.npmjs.org/lodash.get/-/lodash.get-4.4.2.tgz",
      "integrity": "sha1-LRd/ZS+jHpObRDjVNBSZ36OCXpk=",
      "dev": true
    },
    "make-error": {
      "version": "1.3.6",
      "resolved": "https://registry.npmjs.org/make-error/-/make-error-1.3.6.tgz",
      "integrity": "sha512-s8UhlNe7vPKomQhC1qFelMokr/Sc3AgNbso3n74mVPA5LTZwkB9NlXf4XPamLxJE8h0gh73rM94xvwRT2CVInw==",
      "dev": true
    },
    "md5": {
      "version": "2.3.0",
      "resolved": "https://registry.npmjs.org/md5/-/md5-2.3.0.tgz",
      "integrity": "sha512-T1GITYmFaKuO91vxyoQMFETst+O71VUPEU3ze5GNzDm0OWdP8v1ziTaAEPUr/3kLsY3Sftgz242A1SetQiDL7g==",
      "dev": true,
      "requires": {
        "charenc": "0.0.2",
        "crypt": "0.0.2",
        "is-buffer": "~1.1.6"
      }
    },
    "minimatch": {
      "version": "3.0.4",
      "resolved": "https://registry.npmjs.org/minimatch/-/minimatch-3.0.4.tgz",
      "integrity": "sha512-yJHVQEhyqPLUTgt9B83PXu6W3rx4MvvHvSUvToogpwoGDOUQ+yDrR0HRot+yOCdCO7u4hX3pWft6kWBBcqh0UA==",
      "dev": true,
      "requires": {
        "brace-expansion": "^1.1.7"
      }
    },
    "nise": {
      "version": "4.1.0",
      "resolved": "https://registry.npmjs.org/nise/-/nise-4.1.0.tgz",
      "integrity": "sha512-eQMEmGN/8arp0xsvGoQ+B1qvSkR73B1nWSCh7nOt5neMCtwcQVYQGdzQMhcNscktTsWB54xnlSQFzOAPJD8nXA==",
      "dev": true,
      "requires": {
        "@sinonjs/commons": "^1.7.0",
        "@sinonjs/fake-timers": "^6.0.0",
        "@sinonjs/text-encoding": "^0.7.1",
        "just-extend": "^4.0.2",
        "path-to-regexp": "^1.7.0"
      }
    },
    "node-fetch": {
      "version": "2.6.1",
      "resolved": "https://registry.npmjs.org/node-fetch/-/node-fetch-2.6.1.tgz",
      "integrity": "sha512-V4aYg89jEoVRxRb2fJdAg8FHvI7cEyYdVAh94HH0UIK8oJxUfkjlDQN9RbMx+bEjP7+ggMiFRprSti032Oipxw=="
    },
    "once": {
      "version": "1.4.0",
      "resolved": "https://registry.npmjs.org/once/-/once-1.4.0.tgz",
      "integrity": "sha1-WDsap3WWHUsROsF9nFC6753Xa9E=",
      "dev": true,
      "requires": {
        "wrappy": "1"
      }
    },
    "parallelshell": {
      "version": "3.0.1",
      "resolved": "https://registry.npmjs.org/parallelshell/-/parallelshell-3.0.1.tgz",
      "integrity": "sha512-xsSQGhJTFjbSW3WGsnSFTg1G17dcDU+gMH7bWxjAiy/3H579KPFbSp3fhkZ+jx2wcZuoav46nq+QVX0I0xPcyA==",
      "dev": true
    },
    "path-is-absolute": {
      "version": "1.0.1",
      "resolved": "https://registry.npmjs.org/path-is-absolute/-/path-is-absolute-1.0.1.tgz",
      "integrity": "sha1-F0uSaHNVNP+8es5r9TpanhtcX18=",
      "dev": true
    },
    "path-to-regexp": {
      "version": "1.8.0",
      "resolved": "https://registry.npmjs.org/path-to-regexp/-/path-to-regexp-1.8.0.tgz",
      "integrity": "sha512-n43JRhlUKUAlibEJhPeir1ncUID16QnEjNpwzNdO3Lm4ywrBpBZ5oLD0I6br9evr1Y9JTqwRtAh7JLoOzAQdVA==",
      "dev": true,
      "requires": {
        "isarray": "0.0.1"
      },
      "dependencies": {
        "isarray": {
          "version": "0.0.1",
          "resolved": "https://registry.npmjs.org/isarray/-/isarray-0.0.1.tgz",
          "integrity": "sha1-ihis/Kmo9Bd+Cav8YDiTmwXR7t8=",
          "dev": true
        }
      }
    },
    "punycode": {
      "version": "1.3.2",
      "resolved": "https://registry.npmjs.org/punycode/-/punycode-1.3.2.tgz",
      "integrity": "sha1-llOgNvt8HuQjQvIyXM7v6jkmxI0="
    },
    "querystring": {
      "version": "0.2.0",
      "resolved": "https://registry.npmjs.org/querystring/-/querystring-0.2.0.tgz",
      "integrity": "sha1-sgmEkgO7Jd+CDadW50cAWHhSFiA="
    },
    "require-from-string": {
      "version": "2.0.2",
      "resolved": "https://registry.npmjs.org/require-from-string/-/require-from-string-2.0.2.tgz",
      "integrity": "sha512-Xf0nWe6RseziFMu+Ap9biiUbmplq6S9/p+7w7YXP/JBHhrUDDUhwa+vANyubuqfZWTveU//DYVGsDG7RKL/vEw==",
      "dev": true
    },
    "rimraf": {
      "version": "3.0.2",
      "resolved": "https://registry.npmjs.org/rimraf/-/rimraf-3.0.2.tgz",
      "integrity": "sha512-JZkJMZkAGFFPP2YqXZXPbMlMBgsxzE8ILs4lMIX/2o0L9UBw9O/Y3o6wFw/i9YLapcUJWwqbi3kdxIPdC62TIA==",
      "dev": true,
      "requires": {
        "glob": "^7.1.3"
      }
    },
    "sax": {
      "version": "1.2.1",
      "resolved": "https://registry.npmjs.org/sax/-/sax-1.2.1.tgz",
      "integrity": "sha1-e45lYZCyKOgaZq6nSEgNgozS03o="
    },
    "sinon": {
      "version": "9.2.1",
      "resolved": "https://registry.npmjs.org/sinon/-/sinon-9.2.1.tgz",
      "integrity": "sha512-naPfsamB5KEE1aiioaoqJ6MEhdUs/2vtI5w1hPAXX/UwvoPjXcwh1m5HiKx0HGgKR8lQSoFIgY5jM6KK8VrS9w==",
      "dev": true,
      "requires": {
        "@sinonjs/commons": "^1.8.1",
        "@sinonjs/fake-timers": "^6.0.1",
        "@sinonjs/formatio": "^5.0.1",
        "@sinonjs/samsam": "^5.2.0",
        "diff": "^4.0.2",
        "nise": "^4.0.4",
        "supports-color": "^7.1.0"
      },
      "dependencies": {
        "diff": {
          "version": "4.0.2",
          "resolved": "https://registry.npmjs.org/diff/-/diff-4.0.2.tgz",
          "integrity": "sha512-58lmxKSA4BNyLz+HHMUzlOEpg09FV+ev6ZMe3vJihgdxzgcwZ8VoEEPmALCZG9LmqfVoNMMKpttIYTVG6uDY7A==",
          "dev": true
        }
      }
    },
    "slice-ansi": {
      "version": "4.0.0",
      "resolved": "https://registry.npmjs.org/slice-ansi/-/slice-ansi-4.0.0.tgz",
      "integrity": "sha512-qMCMfhY040cVHT43K9BFygqYbUPFZKHOg7K73mtTWJRb8pyP3fzf4Ixd5SzdEJQ6MRUg/WBnOLxghZtKKurENQ==",
      "dev": true,
      "requires": {
        "ansi-styles": "^4.0.0",
        "astral-regex": "^2.0.0",
        "is-fullwidth-code-point": "^3.0.0"
      }
    },
    "source-map": {
      "version": "0.6.1",
      "resolved": "https://registry.npmjs.org/source-map/-/source-map-0.6.1.tgz",
      "integrity": "sha512-UjgapumWlbMhkBgzT7Ykc5YXUT46F0iKu8SGXq0bcwP5dz/h0Plj6enJqjz1Zbq2l5WaqYnrVbwWOWMyF3F47g==",
      "dev": true
    },
    "source-map-support": {
      "version": "0.5.19",
      "resolved": "https://registry.npmjs.org/source-map-support/-/source-map-support-0.5.19.tgz",
      "integrity": "sha512-Wonm7zOCIJzBGQdB+thsPar0kYuCIzYvxZwlBa87yi/Mdjv7Tip2cyVbLj5o0cFPN4EVkuTwb3GDDyUx2DGnGw==",
      "dev": true,
      "requires": {
        "buffer-from": "^1.0.0",
        "source-map": "^0.6.0"
      }
    },
    "string-width": {
      "version": "4.2.2",
      "resolved": "https://registry.npmjs.org/string-width/-/string-width-4.2.2.tgz",
      "integrity": "sha512-XBJbT3N4JhVumXE0eoLU9DCjcaF92KLNqTmFCnG1pf8duUxFGwtP6AD6nkjw9a3IdiRtL3E2w3JDiE/xi3vOeA==",
      "dev": true,
      "requires": {
        "emoji-regex": "^8.0.0",
        "is-fullwidth-code-point": "^3.0.0",
        "strip-ansi": "^6.0.0"
      }
    },
    "strip-ansi": {
      "version": "6.0.0",
      "resolved": "https://registry.npmjs.org/strip-ansi/-/strip-ansi-6.0.0.tgz",
      "integrity": "sha512-AuvKTrTfQNYNIctbR1K/YGTR1756GycPsg7b9bdV9Duqur4gv6aKqHXah67Z8ImS7WEz5QVcOtlfW2rZEugt6w==",
      "dev": true,
      "requires": {
        "ansi-regex": "^5.0.0"
      }
    },
    "supports-color": {
      "version": "7.2.0",
      "resolved": "https://registry.npmjs.org/supports-color/-/supports-color-7.2.0.tgz",
      "integrity": "sha512-qpCAvRl9stuOHveKsn7HncJRvv501qIacKzQlO/+Lwxc9+0q2wLyv4Dfvt80/DPn2pqOBsJdDiogXGR9+OvwRw==",
      "dev": true,
      "requires": {
        "has-flag": "^4.0.0"
      }
    },
    "table": {
      "version": "6.0.7",
      "resolved": "https://registry.npmjs.org/table/-/table-6.0.7.tgz",
      "integrity": "sha512-rxZevLGTUzWna/qBLObOe16kB2RTnnbhciwgPbMMlazz1yZGVEgnZK762xyVdVznhqxrfCeBMmMkgOOaPwjH7g==",
      "dev": true,
      "requires": {
        "ajv": "^7.0.2",
        "lodash": "^4.17.20",
        "slice-ansi": "^4.0.0",
        "string-width": "^4.2.0"
      }
    },
    "ts-node": {
      "version": "8.10.2",
      "resolved": "https://registry.npmjs.org/ts-node/-/ts-node-8.10.2.tgz",
      "integrity": "sha512-ISJJGgkIpDdBhWVu3jufsWpK3Rzo7bdiIXJjQc0ynKxVOVcg2oIrf2H2cejminGrptVc6q6/uynAHNCuWGbpVA==",
      "dev": true,
      "requires": {
        "arg": "^4.1.0",
        "diff": "^4.0.1",
        "make-error": "^1.1.1",
        "source-map-support": "^0.5.17",
        "yn": "3.1.1"
      },
      "dependencies": {
        "diff": {
          "version": "4.0.2",
          "resolved": "https://registry.npmjs.org/diff/-/diff-4.0.2.tgz",
          "integrity": "sha512-58lmxKSA4BNyLz+HHMUzlOEpg09FV+ev6ZMe3vJihgdxzgcwZ8VoEEPmALCZG9LmqfVoNMMKpttIYTVG6uDY7A==",
          "dev": true
        }
      }
    },
    "type-detect": {
      "version": "4.0.8",
      "resolved": "https://registry.npmjs.org/type-detect/-/type-detect-4.0.8.tgz",
      "integrity": "sha512-0fr/mIH1dlO+x7TlcMy+bIDqKPsw/70tVyeHW787goQjhmqaZe10uwLujubK9q9Lg6Fiho1KUKDYz0Z7k7g5/g==",
      "dev": true
    },
    "typescript": {
      "version": "4.1.3",
      "resolved": "https://registry.npmjs.org/typescript/-/typescript-4.1.3.tgz",
      "integrity": "sha512-B3ZIOf1IKeH2ixgHhj6la6xdwR9QrLC5d1VKeCSY4tvkqhF2eqd9O7txNlS0PO3GrBAFIdr3L1ndNwteUbZLYg==",
      "dev": true
    },
    "unfetch": {
      "version": "4.2.0",
      "resolved": "https://registry.npmjs.org/unfetch/-/unfetch-4.2.0.tgz",
      "integrity": "sha512-F9p7yYCn6cIW9El1zi0HI6vqpeIvBsr3dSuRO6Xuppb1u5rXpCPmMvLSyECLhybr9isec8Ohl0hPekMVrEinDA=="
    },
    "uri-js": {
      "version": "4.4.1",
      "resolved": "https://registry.npmjs.org/uri-js/-/uri-js-4.4.1.tgz",
      "integrity": "sha512-7rKUyy33Q1yc98pQ1DAmLtwX109F7TIfWlW1Ydo8Wl1ii1SeHieeh0HHfPeL2fMXK6z0s8ecKs9frCuLJvndBg==",
      "dev": true,
      "requires": {
        "punycode": "^2.1.0"
      },
      "dependencies": {
        "punycode": {
          "version": "2.1.1",
          "resolved": "https://registry.npmjs.org/punycode/-/punycode-2.1.1.tgz",
          "integrity": "sha512-XRsRjdf+j5ml+y/6GKHPZbrF/8p2Yga0JPtdqTIY2Xe5ohJPD9saDJJLPvp9+NSBprVvevdXZybnj2cv8OEd0A==",
          "dev": true
        }
      }
    },
    "url": {
      "version": "0.10.3",
      "resolved": "https://registry.npmjs.org/url/-/url-0.10.3.tgz",
      "integrity": "sha1-Ah5NnHcF8hu/N9A861h2dAJ3TGQ=",
      "requires": {
        "punycode": "1.3.2",
        "querystring": "0.2.0"
      }
    },
    "uuid": {
      "version": "3.3.2",
      "resolved": "https://registry.npmjs.org/uuid/-/uuid-3.3.2.tgz",
      "integrity": "sha512-yXJmeNaw3DnnKAOKJE51sL/ZaYfWJRl1pK9dr19YFCu0ObS231AB1/LbqTKRAQ5kw8A90rA6fr4riOUpTZvQZA=="
    },
    "wrappy": {
      "version": "1.0.2",
      "resolved": "https://registry.npmjs.org/wrappy/-/wrappy-1.0.2.tgz",
      "integrity": "sha1-tSQ9jz7BqjXxNkYFvA0QNuMKtp8=",
      "dev": true
    },
    "xml2js": {
      "version": "0.4.19",
      "resolved": "https://registry.npmjs.org/xml2js/-/xml2js-0.4.19.tgz",
      "integrity": "sha512-esZnJZJOiJR9wWKMyuvSE1y6Dq5LCuJanqhxslH2bxM6duahNZ+HMpCLhBQGZkbX6xRf8x1Y2eJlgt2q3qo49Q==",
      "requires": {
        "sax": ">=0.6.0",
        "xmlbuilder": "~9.0.1"
      }
    },
    "xmlbuilder": {
      "version": "9.0.7",
      "resolved": "https://registry.npmjs.org/xmlbuilder/-/xmlbuilder-9.0.7.tgz",
      "integrity": "sha1-Ey7mPS7FVlxVfiD0wi35rKaGsQ0="
    },
    "yn": {
      "version": "3.1.1",
      "resolved": "https://registry.npmjs.org/yn/-/yn-3.1.1.tgz",
      "integrity": "sha512-Ux4ygGWsu2c7isFWe8Yu1YluJmqVhxqK2cLXNQA5AcC3QfbGNpM7fu0Y8b/z16pXLnFxZYvWhd3fhBY9DLmC6Q==",
      "dev": true
    }
  }
}
